<?xml version="1.0" encoding="UTF-8"?>
<Project ToolsVersion="12.0" xmlns="http://schemas.microsoft.com/developer/msbuild/2003">
  <ItemGroup>
    <CustomBuild Include="E:\program\vtk\vtkMultiRender\CMakeFiles\32b76f4b46825cf72d863241648994be\generate.stamp.rule">
      <Filter>CMake Rules</Filter>
    </CustomBuild>
  </ItemGroup>
  <ItemGroup>
    <Filter Include="CMake Rules">
      <UniqueIdentifier>{DBFE2481-1257-3059-9464-1EBEBB094A50}</UniqueIdentifier>
    </Filter>
  </ItemGroup>
</Project>
