Microsoft Visual Studio Solution File, Format Version 12.00
# Visual Studio 2013
Project("{8BC9CEB8-8B4A-11D0-8D11-00A0C91BC942}") = "ALL_BUILD", "ALL_BUILD.vcxproj", "{8DD4D2C4-CD8A-399A-BF68-5403B1B9BC1E}"
	ProjectSection(ProjectDependencies) = postProject
		{EC85B35B-B0DE-306C-AEC3-6DE323B41A77} = {EC85B35B-B0DE-306C-AEC3-6DE323B41A77}
		{19C1834C-C2DC-3C35-8A5D-775AB3E42282} = {19C1834C-C2DC-3C35-8A5D-775AB3E42282}
	EndProjectSection
EndProject
Project("{8BC9CEB8-8B4A-11D0-8D11-00A0C91BC942}") = "ZERO_CHECK", "ZERO_CHECK.vcxproj", "{EC85B35B-B0DE-306C-AEC3-6DE323B41A77}"
	ProjectSection(ProjectDependencies) = postProject
	EndProjectSection
EndProject
Project("{8BC9CEB8-8B4A-11D0-8D11-00A0C91BC942}") = "vtkImgGenerate", "vtkImgGenerate.vcxproj", "{19C1834C-C2DC-3C35-8A5D-775AB3E42282}"
	ProjectSection(ProjectDependencies) = postProject
		{EC85B35B-B0DE-306C-AEC3-6DE323B41A77} = {EC85B35B-B0DE-306C-AEC3-6DE323B41A77}
	EndProjectSection
EndProject
Global
	GlobalSection(SolutionConfigurationPlatforms) = preSolution
		Debug|Win32 = Debug|Win32
		Release|Win32 = Release|Win32
		MinSizeRel|Win32 = MinSizeRel|Win32
		RelWithDebInfo|Win32 = RelWithDebInfo|Win32
	EndGlobalSection
	GlobalSection(ProjectConfigurationPlatforms) = postSolution
		{8DD4D2C4-CD8A-399A-BF68-5403B1B9BC1E}.Debug|Win32.ActiveCfg = Debug|Win32
		{8DD4D2C4-CD8A-399A-BF68-5403B1B9BC1E}.Release|Win32.ActiveCfg = Release|Win32
		{8DD4D2C4-CD8A-399A-BF68-5403B1B9BC1E}.MinSizeRel|Win32.ActiveCfg = MinSizeRel|Win32
		{8DD4D2C4-CD8A-399A-BF68-5403B1B9BC1E}.RelWithDebInfo|Win32.ActiveCfg = RelWithDebInfo|Win32
		{EC85B35B-B0DE-306C-AEC3-6DE323B41A77}.Debug|Win32.ActiveCfg = Debug|Win32
		{EC85B35B-B0DE-306C-AEC3-6DE323B41A77}.Debug|Win32.Build.0 = Debug|Win32
		{EC85B35B-B0DE-306C-AEC3-6DE323B41A77}.Release|Win32.ActiveCfg = Release|Win32
		{EC85B35B-B0DE-306C-AEC3-6DE323B41A77}.Release|Win32.Build.0 = Release|Win32
		{EC85B35B-B0DE-306C-AEC3-6DE323B41A77}.MinSizeRel|Win32.ActiveCfg = MinSizeRel|Win32
		{EC85B35B-B0DE-306C-AEC3-6DE323B41A77}.MinSizeRel|Win32.Build.0 = MinSizeRel|Win32
		{EC85B35B-B0DE-306C-AEC3-6DE323B41A77}.RelWithDebInfo|Win32.ActiveCfg = RelWithDebInfo|Win32
		{EC85B35B-B0DE-306C-AEC3-6DE323B41A77}.RelWithDebInfo|Win32.Build.0 = RelWithDebInfo|Win32
		{19C1834C-C2DC-3C35-8A5D-775AB3E42282}.Debug|Win32.ActiveCfg = Debug|Win32
		{19C1834C-C2DC-3C35-8A5D-775AB3E42282}.Debug|Win32.Build.0 = Debug|Win32
		{19C1834C-C2DC-3C35-8A5D-775AB3E42282}.Release|Win32.ActiveCfg = Release|Win32
		{19C1834C-C2DC-3C35-8A5D-775AB3E42282}.Release|Win32.Build.0 = Release|Win32
		{19C1834C-C2DC-3C35-8A5D-775AB3E42282}.MinSizeRel|Win32.ActiveCfg = MinSizeRel|Win32
		{19C1834C-C2DC-3C35-8A5D-775AB3E42282}.MinSizeRel|Win32.Build.0 = MinSizeRel|Win32
		{19C1834C-C2DC-3C35-8A5D-775AB3E42282}.RelWithDebInfo|Win32.ActiveCfg = RelWithDebInfo|Win32
		{19C1834C-C2DC-3C35-8A5D-775AB3E42282}.RelWithDebInfo|Win32.Build.0 = RelWithDebInfo|Win32
	EndGlobalSection
	GlobalSection(ExtensibilityGlobals) = postSolution
	EndGlobalSection
	GlobalSection(ExtensibilityAddIns) = postSolution
	EndGlobalSection
EndGlobal
