Microsoft Visual Studio Solution File, Format Version 12.00
# Visual Studio 2013
Project("{8BC9CEB8-8B4A-11D0-8D11-00A0C91BC942}") = "ALL_BUILD", "ALL_BUILD.vcxproj", "{EFB14969-557A-32BF-9990-CAEF82F50C3A}"
	ProjectSection(ProjectDependencies) = postProject
		{E5841729-44F2-3096-A720-6F347581CBBE} = {E5841729-44F2-3096-A720-6F347581CBBE}
		{5082D2BA-9882-38A1-98A0-D395373E4FB7} = {5082D2BA-9882-38A1-98A0-D395373E4FB7}
	EndProjectSection
EndProject
Project("{8BC9CEB8-8B4A-11D0-8D11-00A0C91BC942}") = "ZERO_CHECK", "ZERO_CHECK.vcxproj", "{E5841729-44F2-3096-A720-6F347581CBBE}"
	ProjectSection(ProjectDependencies) = postProject
	EndProjectSection
EndProject
Project("{8BC9CEB8-8B4A-11D0-8D11-00A0C91BC942}") = "vtkLight", "vtkLight.vcxproj", "{5082D2BA-9882-38A1-98A0-D395373E4FB7}"
	ProjectSection(ProjectDependencies) = postProject
		{E5841729-44F2-3096-A720-6F347581CBBE} = {E5841729-44F2-3096-A720-6F347581CBBE}
	EndProjectSection
EndProject
Global
	GlobalSection(SolutionConfigurationPlatforms) = preSolution
		Debug|Win32 = Debug|Win32
		Release|Win32 = Release|Win32
		MinSizeRel|Win32 = MinSizeRel|Win32
		RelWithDebInfo|Win32 = RelWithDebInfo|Win32
	EndGlobalSection
	GlobalSection(ProjectConfigurationPlatforms) = postSolution
		{EFB14969-557A-32BF-9990-CAEF82F50C3A}.Debug|Win32.ActiveCfg = Debug|Win32
		{EFB14969-557A-32BF-9990-CAEF82F50C3A}.Release|Win32.ActiveCfg = Release|Win32
		{EFB14969-557A-32BF-9990-CAEF82F50C3A}.MinSizeRel|Win32.ActiveCfg = MinSizeRel|Win32
		{EFB14969-557A-32BF-9990-CAEF82F50C3A}.RelWithDebInfo|Win32.ActiveCfg = RelWithDebInfo|Win32
		{E5841729-44F2-3096-A720-6F347581CBBE}.Debug|Win32.ActiveCfg = Debug|Win32
		{E5841729-44F2-3096-A720-6F347581CBBE}.Debug|Win32.Build.0 = Debug|Win32
		{E5841729-44F2-3096-A720-6F347581CBBE}.Release|Win32.ActiveCfg = Release|Win32
		{E5841729-44F2-3096-A720-6F347581CBBE}.Release|Win32.Build.0 = Release|Win32
		{E5841729-44F2-3096-A720-6F347581CBBE}.MinSizeRel|Win32.ActiveCfg = MinSizeRel|Win32
		{E5841729-44F2-3096-A720-6F347581CBBE}.MinSizeRel|Win32.Build.0 = MinSizeRel|Win32
		{E5841729-44F2-3096-A720-6F347581CBBE}.RelWithDebInfo|Win32.ActiveCfg = RelWithDebInfo|Win32
		{E5841729-44F2-3096-A720-6F347581CBBE}.RelWithDebInfo|Win32.Build.0 = RelWithDebInfo|Win32
		{5082D2BA-9882-38A1-98A0-D395373E4FB7}.Debug|Win32.ActiveCfg = Debug|Win32
		{5082D2BA-9882-38A1-98A0-D395373E4FB7}.Debug|Win32.Build.0 = Debug|Win32
		{5082D2BA-9882-38A1-98A0-D395373E4FB7}.Release|Win32.ActiveCfg = Release|Win32
		{5082D2BA-9882-38A1-98A0-D395373E4FB7}.Release|Win32.Build.0 = Release|Win32
		{5082D2BA-9882-38A1-98A0-D395373E4FB7}.MinSizeRel|Win32.ActiveCfg = MinSizeRel|Win32
		{5082D2BA-9882-38A1-98A0-D395373E4FB7}.MinSizeRel|Win32.Build.0 = MinSizeRel|Win32
		{5082D2BA-9882-38A1-98A0-D395373E4FB7}.RelWithDebInfo|Win32.ActiveCfg = RelWithDebInfo|Win32
		{5082D2BA-9882-38A1-98A0-D395373E4FB7}.RelWithDebInfo|Win32.Build.0 = RelWithDebInfo|Win32
	EndGlobalSection
	GlobalSection(ExtensibilityGlobals) = postSolution
	EndGlobalSection
	GlobalSection(ExtensibilityAddIns) = postSolution
	EndGlobalSection
EndGlobal
