<?xml version="1.0" encoding="UTF-8"?>
<Project ToolsVersion="12.0" xmlns="http://schemas.microsoft.com/developer/msbuild/2003">
  <ItemGroup>
    <CustomBuild Include="E:\program\vtk\vtkLight\CMakeFiles\5c3e66f18d77c91312a36077f8e2e907\generate.stamp.rule">
      <Filter>CMake Rules</Filter>
    </CustomBuild>
  </ItemGroup>
  <ItemGroup>
    <Filter Include="CMake Rules">
      <UniqueIdentifier>{967C1B50-E58A-3FE5-9CC6-D1495264C9F8}</UniqueIdentifier>
    </Filter>
  </ItemGroup>
</Project>
