Microsoft Visual Studio Solution File, Format Version 12.00
# Visual Studio 2013
Project("{8BC9CEB8-8B4A-11D0-8D11-00A0C91BC942}") = "ALL_BUILD", "ALL_BUILD.vcxproj", "{EE485537-4B8C-3BD5-B1D5-F5E9623D46AD}"
	ProjectSection(ProjectDependencies) = postProject
		{F6443E44-1F77-3248-BF57-15AC5C4C755E} = {F6443E44-1F77-3248-BF57-15AC5C4C755E}
		{3FEEC028-9C22-30C5-8A6E-889FA10891B6} = {3FEEC028-9C22-30C5-8A6E-889FA10891B6}
	EndProjectSection
EndProject
Project("{8BC9CEB8-8B4A-11D0-8D11-00A0C91BC942}") = "ZERO_CHECK", "ZERO_CHECK.vcxproj", "{F6443E44-1F77-3248-BF57-15AC5C4C755E}"
	ProjectSection(ProjectDependencies) = postProject
	EndProjectSection
EndProject
Project("{8BC9CEB8-8B4A-11D0-8D11-00A0C91BC942}") = "testVtk", "testVtk.vcxproj", "{3FEEC028-9C22-30C5-8A6E-889FA10891B6}"
	ProjectSection(ProjectDependencies) = postProject
		{F6443E44-1F77-3248-BF57-15AC5C4C755E} = {F6443E44-1F77-3248-BF57-15AC5C4C755E}
	EndProjectSection
EndProject
Global
	GlobalSection(SolutionConfigurationPlatforms) = preSolution
		Debug|Win32 = Debug|Win32
		Release|Win32 = Release|Win32
		MinSizeRel|Win32 = MinSizeRel|Win32
		RelWithDebInfo|Win32 = RelWithDebInfo|Win32
	EndGlobalSection
	GlobalSection(ProjectConfigurationPlatforms) = postSolution
		{EE485537-4B8C-3BD5-B1D5-F5E9623D46AD}.Debug|Win32.ActiveCfg = Debug|Win32
		{EE485537-4B8C-3BD5-B1D5-F5E9623D46AD}.Release|Win32.ActiveCfg = Release|Win32
		{EE485537-4B8C-3BD5-B1D5-F5E9623D46AD}.MinSizeRel|Win32.ActiveCfg = MinSizeRel|Win32
		{EE485537-4B8C-3BD5-B1D5-F5E9623D46AD}.RelWithDebInfo|Win32.ActiveCfg = RelWithDebInfo|Win32
		{F6443E44-1F77-3248-BF57-15AC5C4C755E}.Debug|Win32.ActiveCfg = Debug|Win32
		{F6443E44-1F77-3248-BF57-15AC5C4C755E}.Debug|Win32.Build.0 = Debug|Win32
		{F6443E44-1F77-3248-BF57-15AC5C4C755E}.Release|Win32.ActiveCfg = Release|Win32
		{F6443E44-1F77-3248-BF57-15AC5C4C755E}.Release|Win32.Build.0 = Release|Win32
		{F6443E44-1F77-3248-BF57-15AC5C4C755E}.MinSizeRel|Win32.ActiveCfg = MinSizeRel|Win32
		{F6443E44-1F77-3248-BF57-15AC5C4C755E}.MinSizeRel|Win32.Build.0 = MinSizeRel|Win32
		{F6443E44-1F77-3248-BF57-15AC5C4C755E}.RelWithDebInfo|Win32.ActiveCfg = RelWithDebInfo|Win32
		{F6443E44-1F77-3248-BF57-15AC5C4C755E}.RelWithDebInfo|Win32.Build.0 = RelWithDebInfo|Win32
		{3FEEC028-9C22-30C5-8A6E-889FA10891B6}.Debug|Win32.ActiveCfg = Debug|Win32
		{3FEEC028-9C22-30C5-8A6E-889FA10891B6}.Debug|Win32.Build.0 = Debug|Win32
		{3FEEC028-9C22-30C5-8A6E-889FA10891B6}.Release|Win32.ActiveCfg = Release|Win32
		{3FEEC028-9C22-30C5-8A6E-889FA10891B6}.Release|Win32.Build.0 = Release|Win32
		{3FEEC028-9C22-30C5-8A6E-889FA10891B6}.MinSizeRel|Win32.ActiveCfg = MinSizeRel|Win32
		{3FEEC028-9C22-30C5-8A6E-889FA10891B6}.MinSizeRel|Win32.Build.0 = MinSizeRel|Win32
		{3FEEC028-9C22-30C5-8A6E-889FA10891B6}.RelWithDebInfo|Win32.ActiveCfg = RelWithDebInfo|Win32
		{3FEEC028-9C22-30C5-8A6E-889FA10891B6}.RelWithDebInfo|Win32.Build.0 = RelWithDebInfo|Win32
	EndGlobalSection
	GlobalSection(ExtensibilityGlobals) = postSolution
	EndGlobalSection
	GlobalSection(ExtensibilityAddIns) = postSolution
	EndGlobalSection
EndGlobal
