Microsoft Visual Studio Solution File, Format Version 12.00
# Visual Studio 2013
Project("{8BC9CEB8-8B4A-11D0-8D11-00A0C91BC942}") = "ALL_BUILD", "ALL_BUILD.vcxproj", "{2930EC7B-1545-3078-8DDE-3AD60B064220}"
	ProjectSection(ProjectDependencies) = postProject
		{90D1C218-45A6-3D98-A3BD-CB0D24583011} = {90D1C218-45A6-3D98-A3BD-CB0D24583011}
		{473046B0-EF8F-3D02-B1B7-DB82AA446AEC} = {473046B0-EF8F-3D02-B1B7-DB82AA446AEC}
	EndProjectSection
EndProject
Project("{8BC9CEB8-8B4A-11D0-8D11-00A0C91BC942}") = "ZERO_CHECK", "ZERO_CHECK.vcxproj", "{90D1C218-45A6-3D98-A3BD-CB0D24583011}"
	ProjectSection(ProjectDependencies) = postProject
	EndProjectSection
EndProject
Project("{8BC9CEB8-8B4A-11D0-8D11-00A0C91BC942}") = "vtkBlend", "vtkBlend.vcxproj", "{473046B0-EF8F-3D02-B1B7-DB82AA446AEC}"
	ProjectSection(ProjectDependencies) = postProject
		{90D1C218-45A6-3D98-A3BD-CB0D24583011} = {90D1C218-45A6-3D98-A3BD-CB0D24583011}
	EndProjectSection
EndProject
Global
	GlobalSection(SolutionConfigurationPlatforms) = preSolution
		Debug|Win32 = Debug|Win32
		Release|Win32 = Release|Win32
		MinSizeRel|Win32 = MinSizeRel|Win32
		RelWithDebInfo|Win32 = RelWithDebInfo|Win32
	EndGlobalSection
	GlobalSection(ProjectConfigurationPlatforms) = postSolution
		{2930EC7B-1545-3078-8DDE-3AD60B064220}.Debug|Win32.ActiveCfg = Debug|Win32
		{2930EC7B-1545-3078-8DDE-3AD60B064220}.Release|Win32.ActiveCfg = Release|Win32
		{2930EC7B-1545-3078-8DDE-3AD60B064220}.MinSizeRel|Win32.ActiveCfg = MinSizeRel|Win32
		{2930EC7B-1545-3078-8DDE-3AD60B064220}.RelWithDebInfo|Win32.ActiveCfg = RelWithDebInfo|Win32
		{90D1C218-45A6-3D98-A3BD-CB0D24583011}.Debug|Win32.ActiveCfg = Debug|Win32
		{90D1C218-45A6-3D98-A3BD-CB0D24583011}.Debug|Win32.Build.0 = Debug|Win32
		{90D1C218-45A6-3D98-A3BD-CB0D24583011}.Release|Win32.ActiveCfg = Release|Win32
		{90D1C218-45A6-3D98-A3BD-CB0D24583011}.Release|Win32.Build.0 = Release|Win32
		{90D1C218-45A6-3D98-A3BD-CB0D24583011}.MinSizeRel|Win32.ActiveCfg = MinSizeRel|Win32
		{90D1C218-45A6-3D98-A3BD-CB0D24583011}.MinSizeRel|Win32.Build.0 = MinSizeRel|Win32
		{90D1C218-45A6-3D98-A3BD-CB0D24583011}.RelWithDebInfo|Win32.ActiveCfg = RelWithDebInfo|Win32
		{90D1C218-45A6-3D98-A3BD-CB0D24583011}.RelWithDebInfo|Win32.Build.0 = RelWithDebInfo|Win32
		{473046B0-EF8F-3D02-B1B7-DB82AA446AEC}.Debug|Win32.ActiveCfg = Debug|Win32
		{473046B0-EF8F-3D02-B1B7-DB82AA446AEC}.Debug|Win32.Build.0 = Debug|Win32
		{473046B0-EF8F-3D02-B1B7-DB82AA446AEC}.Release|Win32.ActiveCfg = Release|Win32
		{473046B0-EF8F-3D02-B1B7-DB82AA446AEC}.Release|Win32.Build.0 = Release|Win32
		{473046B0-EF8F-3D02-B1B7-DB82AA446AEC}.MinSizeRel|Win32.ActiveCfg = MinSizeRel|Win32
		{473046B0-EF8F-3D02-B1B7-DB82AA446AEC}.MinSizeRel|Win32.Build.0 = MinSizeRel|Win32
		{473046B0-EF8F-3D02-B1B7-DB82AA446AEC}.RelWithDebInfo|Win32.ActiveCfg = RelWithDebInfo|Win32
		{473046B0-EF8F-3D02-B1B7-DB82AA446AEC}.RelWithDebInfo|Win32.Build.0 = RelWithDebInfo|Win32
	EndGlobalSection
	GlobalSection(ExtensibilityGlobals) = postSolution
	EndGlobalSection
	GlobalSection(ExtensibilityAddIns) = postSolution
	EndGlobalSection
EndGlobal
