<?xml version="1.0" encoding="UTF-8" standalone="yes" ?>
<CodeBlocks_project_file>
   <FileVersion major="1" minor="6" />
   <Project>
      <Option title="vtkGaussian" />
      <Option makefile_is_custom="1" />
      <Option compiler="gcc" />
      <Option virtualFolders="CMake Files\;CMake Files\..\;CMake Files\..\..\;CMake Files\..\..\..\;CMake Files\..\..\..\vtk\;CMake Files\..\..\..\vtk\VTK-6.3.0\;CMake Files\..\..\..\vtk\VTK-6.3.0\VTK-6.3.0_mingw\;CMake Files\..\..\..\vtk\VTK-6.3.0\VTK-6.3.0_mingw\CMake\;CMake Files\..\..\..\vtk\VTK-6.3.0\VTK-6.3.0_mingw\lib\;CMake Files\..\..\..\vtk\VTK-6.3.0\VTK-6.3.0_mingw\lib\cmake\;CMake Files\..\..\..\vtk\VTK-6.3.0\VTK-6.3.0_mingw\lib\cmake\vtk-6.3\;CMake Files\..\..\..\vtk\VTK-6.3.0\VTK-6.3.0_mingw\lib\cmake\vtk-6.3\Modules\;CMake Files\..\..\..\Qt\;CMake Files\..\..\..\Qt\Qt5.5.1\;CMake Files\..\..\..\Qt\Qt5.5.1\5.5\;CMake Files\..\..\..\Qt\Qt5.5.1\5.5\mingw492_32\;CMake Files\..\..\..\Qt\Qt5.5.1\5.5\mingw492_32\lib\;CMake Files\..\..\..\Qt\Qt5.5.1\5.5\mingw492_32\lib\cmake\;CMake Files\..\..\..\Qt\Qt5.5.1\5.5\mingw492_32\lib\cmake\Qt5Widgets\;CMake Files\..\..\..\Qt\Qt5.5.1\5.5\mingw492_32\lib\cmake\Qt5Gui\;CMake Files\..\..\..\Qt\Qt5.5.1\5.5\mingw492_32\lib\cmake\Qt5Core\;CMake Files\..\..\..\Qt\Qt5.5.1\5.5\mingw492_32\lib\cmake\Qt5OpenGL\;CMake Files\..\..\..\Qt\Qt5.5.1\5.5\mingw492_32\lib\cmake\Qt5Sql\;CMake Files\..\..\..\Qt\Qt5.5.1\5.5\mingw492_32\lib\cmake\Qt5WebKitWidgets\;CMake Files\..\..\..\Qt\Qt5.5.1\5.5\mingw492_32\lib\cmake\Qt5WebKit\;CMake Files\..\..\..\Qt\Qt5.5.1\5.5\mingw492_32\lib\cmake\Qt5Network\;" />
      <Build>
      <Target title="all">
         <Option working_dir="D:/my_program/vtk/vtkGaussian" />
         <Option type="4" />
         <MakeCommands>
            <Build command="D:/Qt/Qt5.5.1/Tools/mingw492_32/bin/mingw32-make.exe -f &quot;D:/my_program/vtk/vtkGaussian/Makefile&quot;  VERBOSE=1 all" />
            <CompileFile command="D:/Qt/Qt5.5.1/Tools/mingw492_32/bin/mingw32-make.exe -f &quot;D:/my_program/vtk/vtkGaussian/Makefile&quot;  VERBOSE=1 &quot;$file&quot;" />
            <Clean command="D:/Qt/Qt5.5.1/Tools/mingw492_32/bin/mingw32-make.exe -f &quot;D:/my_program/vtk/vtkGaussian/Makefile&quot;  VERBOSE=1 clean" />
            <DistClean command="D:/Qt/Qt5.5.1/Tools/mingw492_32/bin/mingw32-make.exe -f &quot;D:/my_program/vtk/vtkGaussian/Makefile&quot;  VERBOSE=1 clean" />
         </MakeCommands>
      </Target>
      <Target title="edit_cache">
         <Option working_dir="D:/my_program/vtk/vtkGaussian" />
         <Option type="4" />
         <MakeCommands>
            <Build command="D:/Qt/Qt5.5.1/Tools/mingw492_32/bin/mingw32-make.exe -f &quot;D:/my_program/vtk/vtkGaussian/Makefile&quot;  VERBOSE=1 edit_cache" />
            <CompileFile command="D:/Qt/Qt5.5.1/Tools/mingw492_32/bin/mingw32-make.exe -f &quot;D:/my_program/vtk/vtkGaussian/Makefile&quot;  VERBOSE=1 &quot;$file&quot;" />
            <Clean command="D:/Qt/Qt5.5.1/Tools/mingw492_32/bin/mingw32-make.exe -f &quot;D:/my_program/vtk/vtkGaussian/Makefile&quot;  VERBOSE=1 clean" />
            <DistClean command="D:/Qt/Qt5.5.1/Tools/mingw492_32/bin/mingw32-make.exe -f &quot;D:/my_program/vtk/vtkGaussian/Makefile&quot;  VERBOSE=1 clean" />
         </MakeCommands>
      </Target>
      <Target title="rebuild_cache">
         <Option working_dir="D:/my_program/vtk/vtkGaussian" />
         <Option type="4" />
         <MakeCommands>
            <Build command="D:/Qt/Qt5.5.1/Tools/mingw492_32/bin/mingw32-make.exe -f &quot;D:/my_program/vtk/vtkGaussian/Makefile&quot;  VERBOSE=1 rebuild_cache" />
            <CompileFile command="D:/Qt/Qt5.5.1/Tools/mingw492_32/bin/mingw32-make.exe -f &quot;D:/my_program/vtk/vtkGaussian/Makefile&quot;  VERBOSE=1 &quot;$file&quot;" />
            <Clean command="D:/Qt/Qt5.5.1/Tools/mingw492_32/bin/mingw32-make.exe -f &quot;D:/my_program/vtk/vtkGaussian/Makefile&quot;  VERBOSE=1 clean" />
            <DistClean command="D:/Qt/Qt5.5.1/Tools/mingw492_32/bin/mingw32-make.exe -f &quot;D:/my_program/vtk/vtkGaussian/Makefile&quot;  VERBOSE=1 clean" />
         </MakeCommands>
      </Target>
      <Target title="vtkGaussian">
         <Option output="D:/my_program/vtk/vtkGaussian/vtkGaussian.exe" prefix_auto="0" extension_auto="0" />
         <Option working_dir="D:/my_program/vtk/vtkGaussian" />
         <Option object_output="./" />
         <Option type="1" />
         <Option compiler="gcc" />
         <Compiler>
            <Add option="-DvtkRenderingContext2D_AUTOINIT=1(vtkRenderingContextOpenGL)" />
            <Add option="-DvtkRenderingCore_AUTOINIT=3(vtkInteractionStyle,vtkRenderingFreeType,vtkRenderingOpenGL)" />
            <Add option="-DvtkRenderingVolume_AUTOINIT=1(vtkRenderingVolumeOpenGL)" />
            <Add option="-DQT_WIDGETS_LIB" />
            <Add option="-DQT_GUI_LIB" />
            <Add option="-DQT_CORE_LIB" />
            <Add option="-DQT_NO_DEBUG" />
            <Add directory="D:/Qt/Qt5.5.1/5.5/mingw492_32/./mkspecs/win32-g++" />
            <Add directory="D:/Qt/Qt5.5.1/5.5/mingw492_32/include" />
            <Add directory="D:/Qt/Qt5.5.1/5.5/mingw492_32/include/QtCore" />
            <Add directory="D:/Qt/Qt5.5.1/5.5/mingw492_32/include/QtGui" />
            <Add directory="D:/Qt/Qt5.5.1/5.5/mingw492_32/include/QtWidgets" />
            <Add directory="D:/Qt/Qt5.5.1/Tools/mingw492_32/bin/../lib/gcc/i686-w64-mingw32/4.9.2/../../../../i686-w64-mingw32/include" />
            <Add directory="D:/Qt/Qt5.5.1/Tools/mingw492_32/bin/../lib/gcc/i686-w64-mingw32/4.9.2/include" />
            <Add directory="D:/Qt/Qt5.5.1/Tools/mingw492_32/bin/../lib/gcc/i686-w64-mingw32/4.9.2/include-fixed" />
            <Add directory="D:/Qt/Qt5.5.1/Tools/mingw492_32/lib/gcc/../../i686-w64-mingw32/include/c++" />
            <Add directory="D:/Qt/Qt5.5.1/Tools/mingw492_32/lib/gcc/../../i686-w64-mingw32/include/c++/backward" />
            <Add directory="D:/Qt/Qt5.5.1/Tools/mingw492_32/lib/gcc/../../i686-w64-mingw32/include/c++/i686-w64-mingw32" />
            <Add directory="D:/vtk/VTK-6.3.0/VTK-6.3.0_mingw/Charts/Core" />
            <Add directory="D:/vtk/VTK-6.3.0/VTK-6.3.0_mingw/Common/Color" />
            <Add directory="D:/vtk/VTK-6.3.0/VTK-6.3.0_mingw/Common/ComputationalGeometry" />
            <Add directory="D:/vtk/VTK-6.3.0/VTK-6.3.0_mingw/Common/Core" />
            <Add directory="D:/vtk/VTK-6.3.0/VTK-6.3.0_mingw/Common/DataModel" />
            <Add directory="D:/vtk/VTK-6.3.0/VTK-6.3.0_mingw/Common/ExecutionModel" />
            <Add directory="D:/vtk/VTK-6.3.0/VTK-6.3.0_mingw/Common/Math" />
            <Add directory="D:/vtk/VTK-6.3.0/VTK-6.3.0_mingw/Common/Misc" />
            <Add directory="D:/vtk/VTK-6.3.0/VTK-6.3.0_mingw/Common/System" />
            <Add directory="D:/vtk/VTK-6.3.0/VTK-6.3.0_mingw/Common/Transforms" />
            <Add directory="D:/vtk/VTK-6.3.0/VTK-6.3.0_mingw/Domains/Chemistry" />
            <Add directory="D:/vtk/VTK-6.3.0/VTK-6.3.0_mingw/Filters/AMR" />
            <Add directory="D:/vtk/VTK-6.3.0/VTK-6.3.0_mingw/Filters/Core" />
            <Add directory="D:/vtk/VTK-6.3.0/VTK-6.3.0_mingw/Filters/Extraction" />
            <Add directory="D:/vtk/VTK-6.3.0/VTK-6.3.0_mingw/Filters/FlowPaths" />
            <Add directory="D:/vtk/VTK-6.3.0/VTK-6.3.0_mingw/Filters/General" />
            <Add directory="D:/vtk/VTK-6.3.0/VTK-6.3.0_mingw/Filters/Generic" />
            <Add directory="D:/vtk/VTK-6.3.0/VTK-6.3.0_mingw/Filters/Geometry" />
            <Add directory="D:/vtk/VTK-6.3.0/VTK-6.3.0_mingw/Filters/Hybrid" />
            <Add directory="D:/vtk/VTK-6.3.0/VTK-6.3.0_mingw/Filters/HyperTree" />
            <Add directory="D:/vtk/VTK-6.3.0/VTK-6.3.0_mingw/Filters/Imaging" />
            <Add directory="D:/vtk/VTK-6.3.0/VTK-6.3.0_mingw/Filters/Modeling" />
            <Add directory="D:/vtk/VTK-6.3.0/VTK-6.3.0_mingw/Filters/Parallel" />
            <Add directory="D:/vtk/VTK-6.3.0/VTK-6.3.0_mingw/Filters/ParallelImaging" />
            <Add directory="D:/vtk/VTK-6.3.0/VTK-6.3.0_mingw/Filters/Programmable" />
            <Add directory="D:/vtk/VTK-6.3.0/VTK-6.3.0_mingw/Filters/SMP" />
            <Add directory="D:/vtk/VTK-6.3.0/VTK-6.3.0_mingw/Filters/Selection" />
            <Add directory="D:/vtk/VTK-6.3.0/VTK-6.3.0_mingw/Filters/Sources" />
            <Add directory="D:/vtk/VTK-6.3.0/VTK-6.3.0_mingw/Filters/Statistics" />
            <Add directory="D:/vtk/VTK-6.3.0/VTK-6.3.0_mingw/Filters/Texture" />
            <Add directory="D:/vtk/VTK-6.3.0/VTK-6.3.0_mingw/Filters/Verdict" />
            <Add directory="D:/vtk/VTK-6.3.0/VTK-6.3.0_mingw/GUISupport/Qt" />
            <Add directory="D:/vtk/VTK-6.3.0/VTK-6.3.0_mingw/GUISupport/QtOpenGL" />
            <Add directory="D:/vtk/VTK-6.3.0/VTK-6.3.0_mingw/GUISupport/QtSQL" />
            <Add directory="D:/vtk/VTK-6.3.0/VTK-6.3.0_mingw/GUISupport/QtWebkit" />
            <Add directory="D:/vtk/VTK-6.3.0/VTK-6.3.0_mingw/Geovis/Core" />
            <Add directory="D:/vtk/VTK-6.3.0/VTK-6.3.0_mingw/IO/AMR" />
            <Add directory="D:/vtk/VTK-6.3.0/VTK-6.3.0_mingw/IO/Core" />
            <Add directory="D:/vtk/VTK-6.3.0/VTK-6.3.0_mingw/IO/EnSight" />
            <Add directory="D:/vtk/VTK-6.3.0/VTK-6.3.0_mingw/IO/Exodus" />
            <Add directory="D:/vtk/VTK-6.3.0/VTK-6.3.0_mingw/IO/Export" />
            <Add directory="D:/vtk/VTK-6.3.0/VTK-6.3.0_mingw/IO/Geometry" />
            <Add directory="D:/vtk/VTK-6.3.0/VTK-6.3.0_mingw/IO/Image" />
            <Add directory="D:/vtk/VTK-6.3.0/VTK-6.3.0_mingw/IO/Import" />
            <Add directory="D:/vtk/VTK-6.3.0/VTK-6.3.0_mingw/IO/Infovis" />
            <Add directory="D:/vtk/VTK-6.3.0/VTK-6.3.0_mingw/IO/LSDyna" />
            <Add directory="D:/vtk/VTK-6.3.0/VTK-6.3.0_mingw/IO/Legacy" />
            <Add directory="D:/vtk/VTK-6.3.0/VTK-6.3.0_mingw/IO/MINC" />
            <Add directory="D:/vtk/VTK-6.3.0/VTK-6.3.0_mingw/IO/Movie" />
            <Add directory="D:/vtk/VTK-6.3.0/VTK-6.3.0_mingw/IO/NetCDF" />
            <Add directory="D:/vtk/VTK-6.3.0/VTK-6.3.0_mingw/IO/PLY" />
            <Add directory="D:/vtk/VTK-6.3.0/VTK-6.3.0_mingw/IO/Parallel" />
            <Add directory="D:/vtk/VTK-6.3.0/VTK-6.3.0_mingw/IO/ParallelXML" />
            <Add directory="D:/vtk/VTK-6.3.0/VTK-6.3.0_mingw/IO/SQL" />
            <Add directory="D:/vtk/VTK-6.3.0/VTK-6.3.0_mingw/IO/Video" />
            <Add directory="D:/vtk/VTK-6.3.0/VTK-6.3.0_mingw/IO/XML" />
            <Add directory="D:/vtk/VTK-6.3.0/VTK-6.3.0_mingw/IO/XMLParser" />
            <Add directory="D:/vtk/VTK-6.3.0/VTK-6.3.0_mingw/Imaging/Color" />
            <Add directory="D:/vtk/VTK-6.3.0/VTK-6.3.0_mingw/Imaging/Core" />
            <Add directory="D:/vtk/VTK-6.3.0/VTK-6.3.0_mingw/Imaging/Fourier" />
            <Add directory="D:/vtk/VTK-6.3.0/VTK-6.3.0_mingw/Imaging/General" />
            <Add directory="D:/vtk/VTK-6.3.0/VTK-6.3.0_mingw/Imaging/Hybrid" />
            <Add directory="D:/vtk/VTK-6.3.0/VTK-6.3.0_mingw/Imaging/Math" />
            <Add directory="D:/vtk/VTK-6.3.0/VTK-6.3.0_mingw/Imaging/Morphological" />
            <Add directory="D:/vtk/VTK-6.3.0/VTK-6.3.0_mingw/Imaging/Sources" />
            <Add directory="D:/vtk/VTK-6.3.0/VTK-6.3.0_mingw/Imaging/Statistics" />
            <Add directory="D:/vtk/VTK-6.3.0/VTK-6.3.0_mingw/Imaging/Stencil" />
            <Add directory="D:/vtk/VTK-6.3.0/VTK-6.3.0_mingw/Infovis/Core" />
            <Add directory="D:/vtk/VTK-6.3.0/VTK-6.3.0_mingw/Infovis/Layout" />
            <Add directory="D:/vtk/VTK-6.3.0/VTK-6.3.0_mingw/Interaction/Image" />
            <Add directory="D:/vtk/VTK-6.3.0/VTK-6.3.0_mingw/Interaction/Style" />
            <Add directory="D:/vtk/VTK-6.3.0/VTK-6.3.0_mingw/Interaction/Widgets" />
            <Add directory="D:/vtk/VTK-6.3.0/VTK-6.3.0_mingw/Parallel/Core" />
            <Add directory="D:/vtk/VTK-6.3.0/VTK-6.3.0_mingw/Rendering/Annotation" />
            <Add directory="D:/vtk/VTK-6.3.0/VTK-6.3.0_mingw/Rendering/Context2D" />
            <Add directory="D:/vtk/VTK-6.3.0/VTK-6.3.0_mingw/Rendering/ContextOpenGL" />
            <Add directory="D:/vtk/VTK-6.3.0/VTK-6.3.0_mingw/Rendering/Core" />
            <Add directory="D:/vtk/VTK-6.3.0/VTK-6.3.0_mingw/Rendering/FreeType" />
            <Add directory="D:/vtk/VTK-6.3.0/VTK-6.3.0_mingw/Rendering/GL2PS" />
            <Add directory="D:/vtk/VTK-6.3.0/VTK-6.3.0_mingw/Rendering/Image" />
            <Add directory="D:/vtk/VTK-6.3.0/VTK-6.3.0_mingw/Rendering/LIC" />
            <Add directory="D:/vtk/VTK-6.3.0/VTK-6.3.0_mingw/Rendering/LOD" />
            <Add directory="D:/vtk/VTK-6.3.0/VTK-6.3.0_mingw/Rendering/Label" />
            <Add directory="D:/vtk/VTK-6.3.0/VTK-6.3.0_mingw/Rendering/OpenGL" />
            <Add directory="D:/vtk/VTK-6.3.0/VTK-6.3.0_mingw/Rendering/Qt" />
            <Add directory="D:/vtk/VTK-6.3.0/VTK-6.3.0_mingw/Rendering/Volume" />
            <Add directory="D:/vtk/VTK-6.3.0/VTK-6.3.0_mingw/Rendering/VolumeOpenGL" />
            <Add directory="D:/vtk/VTK-6.3.0/VTK-6.3.0_mingw/ThirdParty/alglib" />
            <Add directory="D:/vtk/VTK-6.3.0/VTK-6.3.0_mingw/ThirdParty/exodusII" />
            <Add directory="D:/vtk/VTK-6.3.0/VTK-6.3.0_mingw/ThirdParty/expat" />
            <Add directory="D:/vtk/VTK-6.3.0/VTK-6.3.0_mingw/ThirdParty/freetype" />
            <Add directory="D:/vtk/VTK-6.3.0/VTK-6.3.0_mingw/ThirdParty/ftgl" />
            <Add directory="D:/vtk/VTK-6.3.0/VTK-6.3.0_mingw/ThirdParty/ftgl/src" />
            <Add directory="D:/vtk/VTK-6.3.0/VTK-6.3.0_mingw/ThirdParty/gl2ps" />
            <Add directory="D:/vtk/VTK-6.3.0/VTK-6.3.0_mingw/ThirdParty/hdf5" />
            <Add directory="D:/vtk/VTK-6.3.0/VTK-6.3.0_mingw/ThirdParty/hdf5/vtkhdf5" />
            <Add directory="D:/vtk/VTK-6.3.0/VTK-6.3.0_mingw/ThirdParty/hdf5/vtkhdf5/hl/src" />
            <Add directory="D:/vtk/VTK-6.3.0/VTK-6.3.0_mingw/ThirdParty/hdf5/vtkhdf5/src" />
            <Add directory="D:/vtk/VTK-6.3.0/VTK-6.3.0_mingw/ThirdParty/jpeg" />
            <Add directory="D:/vtk/VTK-6.3.0/VTK-6.3.0_mingw/ThirdParty/jsoncpp" />
            <Add directory="D:/vtk/VTK-6.3.0/VTK-6.3.0_mingw/ThirdParty/libproj4" />
            <Add directory="D:/vtk/VTK-6.3.0/VTK-6.3.0_mingw/ThirdParty/libproj4/vtklibproj4" />
            <Add directory="D:/vtk/VTK-6.3.0/VTK-6.3.0_mingw/ThirdParty/libxml2" />
            <Add directory="D:/vtk/VTK-6.3.0/VTK-6.3.0_mingw/ThirdParty/libxml2/vtklibxml2" />
            <Add directory="D:/vtk/VTK-6.3.0/VTK-6.3.0_mingw/ThirdParty/netcdf" />
            <Add directory="D:/vtk/VTK-6.3.0/VTK-6.3.0_mingw/ThirdParty/netcdf/vtknetcdf" />
            <Add directory="D:/vtk/VTK-6.3.0/VTK-6.3.0_mingw/ThirdParty/netcdf/vtknetcdf/include" />
            <Add directory="D:/vtk/VTK-6.3.0/VTK-6.3.0_mingw/ThirdParty/oggtheora" />
            <Add directory="D:/vtk/VTK-6.3.0/VTK-6.3.0_mingw/ThirdParty/png" />
            <Add directory="D:/vtk/VTK-6.3.0/VTK-6.3.0_mingw/ThirdParty/sqlite" />
            <Add directory="D:/vtk/VTK-6.3.0/VTK-6.3.0_mingw/ThirdParty/tiff" />
            <Add directory="D:/vtk/VTK-6.3.0/VTK-6.3.0_mingw/ThirdParty/verdict" />
            <Add directory="D:/vtk/VTK-6.3.0/VTK-6.3.0_mingw/ThirdParty/zlib" />
            <Add directory="D:/vtk/VTK-6.3.0/VTK-6.3.0_mingw/Utilities/DICOMParser" />
            <Add directory="D:/vtk/VTK-6.3.0/VTK-6.3.0_mingw/Utilities/EncodeString" />
            <Add directory="D:/vtk/VTK-6.3.0/VTK-6.3.0_mingw/Utilities/HashSource" />
            <Add directory="D:/vtk/VTK-6.3.0/VTK-6.3.0_mingw/Utilities/KWSys" />
            <Add directory="D:/vtk/VTK-6.3.0/VTK-6.3.0_mingw/Utilities/MetaIO" />
            <Add directory="D:/vtk/VTK-6.3.0/VTK-6.3.0_mingw/Utilities/MetaIO/vtkmetaio" />
            <Add directory="D:/vtk/VTK-6.3.0/VTK-6.3.0_mingw/Utilities/ParseOGLExt" />
            <Add directory="D:/vtk/VTK-6.3.0/VTK-6.3.0_mingw/Views/Context2D" />
            <Add directory="D:/vtk/VTK-6.3.0/VTK-6.3.0_mingw/Views/Core" />
            <Add directory="D:/vtk/VTK-6.3.0/VTK-6.3.0_mingw/Views/Infovis" />
            <Add directory="D:/vtk/VTK-6.3.0/VTK-6.3.0_mingw/Views/Qt" />
         </Compiler>
         <MakeCommands>
            <Build command="D:/Qt/Qt5.5.1/Tools/mingw492_32/bin/mingw32-make.exe -f &quot;D:/my_program/vtk/vtkGaussian/Makefile&quot;  VERBOSE=1 vtkGaussian" />
            <CompileFile command="D:/Qt/Qt5.5.1/Tools/mingw492_32/bin/mingw32-make.exe -f &quot;D:/my_program/vtk/vtkGaussian/Makefile&quot;  VERBOSE=1 &quot;$file&quot;" />
            <Clean command="D:/Qt/Qt5.5.1/Tools/mingw492_32/bin/mingw32-make.exe -f &quot;D:/my_program/vtk/vtkGaussian/Makefile&quot;  VERBOSE=1 clean" />
            <DistClean command="D:/Qt/Qt5.5.1/Tools/mingw492_32/bin/mingw32-make.exe -f &quot;D:/my_program/vtk/vtkGaussian/Makefile&quot;  VERBOSE=1 clean" />
         </MakeCommands>
      </Target>
      <Target title="vtkGaussian/fast">
         <Option output="D:/my_program/vtk/vtkGaussian/vtkGaussian.exe" prefix_auto="0" extension_auto="0" />
         <Option working_dir="D:/my_program/vtk/vtkGaussian" />
         <Option object_output="./" />
         <Option type="1" />
         <Option compiler="gcc" />
         <Compiler>
            <Add option="-DvtkRenderingContext2D_AUTOINIT=1(vtkRenderingContextOpenGL)" />
            <Add option="-DvtkRenderingCore_AUTOINIT=3(vtkInteractionStyle,vtkRenderingFreeType,vtkRenderingOpenGL)" />
            <Add option="-DvtkRenderingVolume_AUTOINIT=1(vtkRenderingVolumeOpenGL)" />
            <Add option="-DQT_WIDGETS_LIB" />
            <Add option="-DQT_GUI_LIB" />
            <Add option="-DQT_CORE_LIB" />
            <Add option="-DQT_NO_DEBUG" />
            <Add directory="D:/Qt/Qt5.5.1/5.5/mingw492_32/./mkspecs/win32-g++" />
            <Add directory="D:/Qt/Qt5.5.1/5.5/mingw492_32/include" />
            <Add directory="D:/Qt/Qt5.5.1/5.5/mingw492_32/include/QtCore" />
            <Add directory="D:/Qt/Qt5.5.1/5.5/mingw492_32/include/QtGui" />
            <Add directory="D:/Qt/Qt5.5.1/5.5/mingw492_32/include/QtWidgets" />
            <Add directory="D:/Qt/Qt5.5.1/Tools/mingw492_32/bin/../lib/gcc/i686-w64-mingw32/4.9.2/../../../../i686-w64-mingw32/include" />
            <Add directory="D:/Qt/Qt5.5.1/Tools/mingw492_32/bin/../lib/gcc/i686-w64-mingw32/4.9.2/include" />
            <Add directory="D:/Qt/Qt5.5.1/Tools/mingw492_32/bin/../lib/gcc/i686-w64-mingw32/4.9.2/include-fixed" />
            <Add directory="D:/Qt/Qt5.5.1/Tools/mingw492_32/lib/gcc/../../i686-w64-mingw32/include/c++" />
            <Add directory="D:/Qt/Qt5.5.1/Tools/mingw492_32/lib/gcc/../../i686-w64-mingw32/include/c++/backward" />
            <Add directory="D:/Qt/Qt5.5.1/Tools/mingw492_32/lib/gcc/../../i686-w64-mingw32/include/c++/i686-w64-mingw32" />
            <Add directory="D:/vtk/VTK-6.3.0/VTK-6.3.0_mingw/Charts/Core" />
            <Add directory="D:/vtk/VTK-6.3.0/VTK-6.3.0_mingw/Common/Color" />
            <Add directory="D:/vtk/VTK-6.3.0/VTK-6.3.0_mingw/Common/ComputationalGeometry" />
            <Add directory="D:/vtk/VTK-6.3.0/VTK-6.3.0_mingw/Common/Core" />
            <Add directory="D:/vtk/VTK-6.3.0/VTK-6.3.0_mingw/Common/DataModel" />
            <Add directory="D:/vtk/VTK-6.3.0/VTK-6.3.0_mingw/Common/ExecutionModel" />
            <Add directory="D:/vtk/VTK-6.3.0/VTK-6.3.0_mingw/Common/Math" />
            <Add directory="D:/vtk/VTK-6.3.0/VTK-6.3.0_mingw/Common/Misc" />
            <Add directory="D:/vtk/VTK-6.3.0/VTK-6.3.0_mingw/Common/System" />
            <Add directory="D:/vtk/VTK-6.3.0/VTK-6.3.0_mingw/Common/Transforms" />
            <Add directory="D:/vtk/VTK-6.3.0/VTK-6.3.0_mingw/Domains/Chemistry" />
            <Add directory="D:/vtk/VTK-6.3.0/VTK-6.3.0_mingw/Filters/AMR" />
            <Add directory="D:/vtk/VTK-6.3.0/VTK-6.3.0_mingw/Filters/Core" />
            <Add directory="D:/vtk/VTK-6.3.0/VTK-6.3.0_mingw/Filters/Extraction" />
            <Add directory="D:/vtk/VTK-6.3.0/VTK-6.3.0_mingw/Filters/FlowPaths" />
            <Add directory="D:/vtk/VTK-6.3.0/VTK-6.3.0_mingw/Filters/General" />
            <Add directory="D:/vtk/VTK-6.3.0/VTK-6.3.0_mingw/Filters/Generic" />
            <Add directory="D:/vtk/VTK-6.3.0/VTK-6.3.0_mingw/Filters/Geometry" />
            <Add directory="D:/vtk/VTK-6.3.0/VTK-6.3.0_mingw/Filters/Hybrid" />
            <Add directory="D:/vtk/VTK-6.3.0/VTK-6.3.0_mingw/Filters/HyperTree" />
            <Add directory="D:/vtk/VTK-6.3.0/VTK-6.3.0_mingw/Filters/Imaging" />
            <Add directory="D:/vtk/VTK-6.3.0/VTK-6.3.0_mingw/Filters/Modeling" />
            <Add directory="D:/vtk/VTK-6.3.0/VTK-6.3.0_mingw/Filters/Parallel" />
            <Add directory="D:/vtk/VTK-6.3.0/VTK-6.3.0_mingw/Filters/ParallelImaging" />
            <Add directory="D:/vtk/VTK-6.3.0/VTK-6.3.0_mingw/Filters/Programmable" />
            <Add directory="D:/vtk/VTK-6.3.0/VTK-6.3.0_mingw/Filters/SMP" />
            <Add directory="D:/vtk/VTK-6.3.0/VTK-6.3.0_mingw/Filters/Selection" />
            <Add directory="D:/vtk/VTK-6.3.0/VTK-6.3.0_mingw/Filters/Sources" />
            <Add directory="D:/vtk/VTK-6.3.0/VTK-6.3.0_mingw/Filters/Statistics" />
            <Add directory="D:/vtk/VTK-6.3.0/VTK-6.3.0_mingw/Filters/Texture" />
            <Add directory="D:/vtk/VTK-6.3.0/VTK-6.3.0_mingw/Filters/Verdict" />
            <Add directory="D:/vtk/VTK-6.3.0/VTK-6.3.0_mingw/GUISupport/Qt" />
            <Add directory="D:/vtk/VTK-6.3.0/VTK-6.3.0_mingw/GUISupport/QtOpenGL" />
            <Add directory="D:/vtk/VTK-6.3.0/VTK-6.3.0_mingw/GUISupport/QtSQL" />
            <Add directory="D:/vtk/VTK-6.3.0/VTK-6.3.0_mingw/GUISupport/QtWebkit" />
            <Add directory="D:/vtk/VTK-6.3.0/VTK-6.3.0_mingw/Geovis/Core" />
            <Add directory="D:/vtk/VTK-6.3.0/VTK-6.3.0_mingw/IO/AMR" />
            <Add directory="D:/vtk/VTK-6.3.0/VTK-6.3.0_mingw/IO/Core" />
            <Add directory="D:/vtk/VTK-6.3.0/VTK-6.3.0_mingw/IO/EnSight" />
            <Add directory="D:/vtk/VTK-6.3.0/VTK-6.3.0_mingw/IO/Exodus" />
            <Add directory="D:/vtk/VTK-6.3.0/VTK-6.3.0_mingw/IO/Export" />
            <Add directory="D:/vtk/VTK-6.3.0/VTK-6.3.0_mingw/IO/Geometry" />
            <Add directory="D:/vtk/VTK-6.3.0/VTK-6.3.0_mingw/IO/Image" />
            <Add directory="D:/vtk/VTK-6.3.0/VTK-6.3.0_mingw/IO/Import" />
            <Add directory="D:/vtk/VTK-6.3.0/VTK-6.3.0_mingw/IO/Infovis" />
            <Add directory="D:/vtk/VTK-6.3.0/VTK-6.3.0_mingw/IO/LSDyna" />
            <Add directory="D:/vtk/VTK-6.3.0/VTK-6.3.0_mingw/IO/Legacy" />
            <Add directory="D:/vtk/VTK-6.3.0/VTK-6.3.0_mingw/IO/MINC" />
            <Add directory="D:/vtk/VTK-6.3.0/VTK-6.3.0_mingw/IO/Movie" />
            <Add directory="D:/vtk/VTK-6.3.0/VTK-6.3.0_mingw/IO/NetCDF" />
            <Add directory="D:/vtk/VTK-6.3.0/VTK-6.3.0_mingw/IO/PLY" />
            <Add directory="D:/vtk/VTK-6.3.0/VTK-6.3.0_mingw/IO/Parallel" />
            <Add directory="D:/vtk/VTK-6.3.0/VTK-6.3.0_mingw/IO/ParallelXML" />
            <Add directory="D:/vtk/VTK-6.3.0/VTK-6.3.0_mingw/IO/SQL" />
            <Add directory="D:/vtk/VTK-6.3.0/VTK-6.3.0_mingw/IO/Video" />
            <Add directory="D:/vtk/VTK-6.3.0/VTK-6.3.0_mingw/IO/XML" />
            <Add directory="D:/vtk/VTK-6.3.0/VTK-6.3.0_mingw/IO/XMLParser" />
            <Add directory="D:/vtk/VTK-6.3.0/VTK-6.3.0_mingw/Imaging/Color" />
            <Add directory="D:/vtk/VTK-6.3.0/VTK-6.3.0_mingw/Imaging/Core" />
            <Add directory="D:/vtk/VTK-6.3.0/VTK-6.3.0_mingw/Imaging/Fourier" />
            <Add directory="D:/vtk/VTK-6.3.0/VTK-6.3.0_mingw/Imaging/General" />
            <Add directory="D:/vtk/VTK-6.3.0/VTK-6.3.0_mingw/Imaging/Hybrid" />
            <Add directory="D:/vtk/VTK-6.3.0/VTK-6.3.0_mingw/Imaging/Math" />
            <Add directory="D:/vtk/VTK-6.3.0/VTK-6.3.0_mingw/Imaging/Morphological" />
            <Add directory="D:/vtk/VTK-6.3.0/VTK-6.3.0_mingw/Imaging/Sources" />
            <Add directory="D:/vtk/VTK-6.3.0/VTK-6.3.0_mingw/Imaging/Statistics" />
            <Add directory="D:/vtk/VTK-6.3.0/VTK-6.3.0_mingw/Imaging/Stencil" />
            <Add directory="D:/vtk/VTK-6.3.0/VTK-6.3.0_mingw/Infovis/Core" />
            <Add directory="D:/vtk/VTK-6.3.0/VTK-6.3.0_mingw/Infovis/Layout" />
            <Add directory="D:/vtk/VTK-6.3.0/VTK-6.3.0_mingw/Interaction/Image" />
            <Add directory="D:/vtk/VTK-6.3.0/VTK-6.3.0_mingw/Interaction/Style" />
            <Add directory="D:/vtk/VTK-6.3.0/VTK-6.3.0_mingw/Interaction/Widgets" />
            <Add directory="D:/vtk/VTK-6.3.0/VTK-6.3.0_mingw/Parallel/Core" />
            <Add directory="D:/vtk/VTK-6.3.0/VTK-6.3.0_mingw/Rendering/Annotation" />
            <Add directory="D:/vtk/VTK-6.3.0/VTK-6.3.0_mingw/Rendering/Context2D" />
            <Add directory="D:/vtk/VTK-6.3.0/VTK-6.3.0_mingw/Rendering/ContextOpenGL" />
            <Add directory="D:/vtk/VTK-6.3.0/VTK-6.3.0_mingw/Rendering/Core" />
            <Add directory="D:/vtk/VTK-6.3.0/VTK-6.3.0_mingw/Rendering/FreeType" />
            <Add directory="D:/vtk/VTK-6.3.0/VTK-6.3.0_mingw/Rendering/GL2PS" />
            <Add directory="D:/vtk/VTK-6.3.0/VTK-6.3.0_mingw/Rendering/Image" />
            <Add directory="D:/vtk/VTK-6.3.0/VTK-6.3.0_mingw/Rendering/LIC" />
            <Add directory="D:/vtk/VTK-6.3.0/VTK-6.3.0_mingw/Rendering/LOD" />
            <Add directory="D:/vtk/VTK-6.3.0/VTK-6.3.0_mingw/Rendering/Label" />
            <Add directory="D:/vtk/VTK-6.3.0/VTK-6.3.0_mingw/Rendering/OpenGL" />
            <Add directory="D:/vtk/VTK-6.3.0/VTK-6.3.0_mingw/Rendering/Qt" />
            <Add directory="D:/vtk/VTK-6.3.0/VTK-6.3.0_mingw/Rendering/Volume" />
            <Add directory="D:/vtk/VTK-6.3.0/VTK-6.3.0_mingw/Rendering/VolumeOpenGL" />
            <Add directory="D:/vtk/VTK-6.3.0/VTK-6.3.0_mingw/ThirdParty/alglib" />
            <Add directory="D:/vtk/VTK-6.3.0/VTK-6.3.0_mingw/ThirdParty/exodusII" />
            <Add directory="D:/vtk/VTK-6.3.0/VTK-6.3.0_mingw/ThirdParty/expat" />
            <Add directory="D:/vtk/VTK-6.3.0/VTK-6.3.0_mingw/ThirdParty/freetype" />
            <Add directory="D:/vtk/VTK-6.3.0/VTK-6.3.0_mingw/ThirdParty/ftgl" />
            <Add directory="D:/vtk/VTK-6.3.0/VTK-6.3.0_mingw/ThirdParty/ftgl/src" />
            <Add directory="D:/vtk/VTK-6.3.0/VTK-6.3.0_mingw/ThirdParty/gl2ps" />
            <Add directory="D:/vtk/VTK-6.3.0/VTK-6.3.0_mingw/ThirdParty/hdf5" />
            <Add directory="D:/vtk/VTK-6.3.0/VTK-6.3.0_mingw/ThirdParty/hdf5/vtkhdf5" />
            <Add directory="D:/vtk/VTK-6.3.0/VTK-6.3.0_mingw/ThirdParty/hdf5/vtkhdf5/hl/src" />
            <Add directory="D:/vtk/VTK-6.3.0/VTK-6.3.0_mingw/ThirdParty/hdf5/vtkhdf5/src" />
            <Add directory="D:/vtk/VTK-6.3.0/VTK-6.3.0_mingw/ThirdParty/jpeg" />
            <Add directory="D:/vtk/VTK-6.3.0/VTK-6.3.0_mingw/ThirdParty/jsoncpp" />
            <Add directory="D:/vtk/VTK-6.3.0/VTK-6.3.0_mingw/ThirdParty/libproj4" />
            <Add directory="D:/vtk/VTK-6.3.0/VTK-6.3.0_mingw/ThirdParty/libproj4/vtklibproj4" />
            <Add directory="D:/vtk/VTK-6.3.0/VTK-6.3.0_mingw/ThirdParty/libxml2" />
            <Add directory="D:/vtk/VTK-6.3.0/VTK-6.3.0_mingw/ThirdParty/libxml2/vtklibxml2" />
            <Add directory="D:/vtk/VTK-6.3.0/VTK-6.3.0_mingw/ThirdParty/netcdf" />
            <Add directory="D:/vtk/VTK-6.3.0/VTK-6.3.0_mingw/ThirdParty/netcdf/vtknetcdf" />
            <Add directory="D:/vtk/VTK-6.3.0/VTK-6.3.0_mingw/ThirdParty/netcdf/vtknetcdf/include" />
            <Add directory="D:/vtk/VTK-6.3.0/VTK-6.3.0_mingw/ThirdParty/oggtheora" />
            <Add directory="D:/vtk/VTK-6.3.0/VTK-6.3.0_mingw/ThirdParty/png" />
            <Add directory="D:/vtk/VTK-6.3.0/VTK-6.3.0_mingw/ThirdParty/sqlite" />
            <Add directory="D:/vtk/VTK-6.3.0/VTK-6.3.0_mingw/ThirdParty/tiff" />
            <Add directory="D:/vtk/VTK-6.3.0/VTK-6.3.0_mingw/ThirdParty/verdict" />
            <Add directory="D:/vtk/VTK-6.3.0/VTK-6.3.0_mingw/ThirdParty/zlib" />
            <Add directory="D:/vtk/VTK-6.3.0/VTK-6.3.0_mingw/Utilities/DICOMParser" />
            <Add directory="D:/vtk/VTK-6.3.0/VTK-6.3.0_mingw/Utilities/EncodeString" />
            <Add directory="D:/vtk/VTK-6.3.0/VTK-6.3.0_mingw/Utilities/HashSource" />
            <Add directory="D:/vtk/VTK-6.3.0/VTK-6.3.0_mingw/Utilities/KWSys" />
            <Add directory="D:/vtk/VTK-6.3.0/VTK-6.3.0_mingw/Utilities/MetaIO" />
            <Add directory="D:/vtk/VTK-6.3.0/VTK-6.3.0_mingw/Utilities/MetaIO/vtkmetaio" />
            <Add directory="D:/vtk/VTK-6.3.0/VTK-6.3.0_mingw/Utilities/ParseOGLExt" />
            <Add directory="D:/vtk/VTK-6.3.0/VTK-6.3.0_mingw/Views/Context2D" />
            <Add directory="D:/vtk/VTK-6.3.0/VTK-6.3.0_mingw/Views/Core" />
            <Add directory="D:/vtk/VTK-6.3.0/VTK-6.3.0_mingw/Views/Infovis" />
            <Add directory="D:/vtk/VTK-6.3.0/VTK-6.3.0_mingw/Views/Qt" />
         </Compiler>
         <MakeCommands>
            <Build command="D:/Qt/Qt5.5.1/Tools/mingw492_32/bin/mingw32-make.exe -f &quot;D:/my_program/vtk/vtkGaussian/Makefile&quot;  VERBOSE=1 vtkGaussian/fast" />
            <CompileFile command="D:/Qt/Qt5.5.1/Tools/mingw492_32/bin/mingw32-make.exe -f &quot;D:/my_program/vtk/vtkGaussian/Makefile&quot;  VERBOSE=1 &quot;$file&quot;" />
            <Clean command="D:/Qt/Qt5.5.1/Tools/mingw492_32/bin/mingw32-make.exe -f &quot;D:/my_program/vtk/vtkGaussian/Makefile&quot;  VERBOSE=1 clean" />
            <DistClean command="D:/Qt/Qt5.5.1/Tools/mingw492_32/bin/mingw32-make.exe -f &quot;D:/my_program/vtk/vtkGaussian/Makefile&quot;  VERBOSE=1 clean" />
         </MakeCommands>
      </Target>
      </Build>
      <Unit filename="D:/my_program/vtk/vtkGaussian/vtkGaussian.cpp">
      </Unit>
      <Unit filename="D:/my_program/vtk/vtkGaussian/CMakeLists.txt">
          <Option virtualFolder="CMake Files\" />
      </Unit>
      <Unit filename="D:/my_program/vtk/vtkGaussian/../../../vtk/VTK-6.3.0/VTK-6.3.0_mingw/VTKConfigVersion.cmake">
          <Option virtualFolder="CMake Files\..\..\..\vtk\VTK-6.3.0\VTK-6.3.0_mingw\" />
      </Unit>
      <Unit filename="D:/my_program/vtk/vtkGaussian/../../../vtk/VTK-6.3.0/VTK-6.3.0_mingw/VTKConfig.cmake">
          <Option virtualFolder="CMake Files\..\..\..\vtk\VTK-6.3.0\VTK-6.3.0_mingw\" />
      </Unit>
      <Unit filename="D:/my_program/vtk/vtkGaussian/../../../vtk/VTK-6.3.0/VTK-6.3.0_mingw/VTKTargets.cmake">
          <Option virtualFolder="CMake Files\..\..\..\vtk\VTK-6.3.0\VTK-6.3.0_mingw\" />
      </Unit>
      <Unit filename="D:/my_program/vtk/vtkGaussian/../../../vtk/VTK-6.3.0/VTK-6.3.0_mingw/CMake/vtkModuleAPI.cmake">
          <Option virtualFolder="CMake Files\..\..\..\vtk\VTK-6.3.0\VTK-6.3.0_mingw\CMake\" />
      </Unit>
      <Unit filename="D:/my_program/vtk/vtkGaussian/../../../vtk/VTK-6.3.0/VTK-6.3.0_mingw/CMake/UseVTK.cmake">
          <Option virtualFolder="CMake Files\..\..\..\vtk\VTK-6.3.0\VTK-6.3.0_mingw\CMake\" />
      </Unit>
      <Unit filename="D:/my_program/vtk/vtkGaussian/../../../vtk/VTK-6.3.0/VTK-6.3.0_mingw/lib/cmake/vtk-6.3/Modules/vtkalglib.cmake">
          <Option virtualFolder="CMake Files\..\..\..\vtk\VTK-6.3.0\VTK-6.3.0_mingw\lib\cmake\vtk-6.3\Modules\" />
      </Unit>
      <Unit filename="D:/my_program/vtk/vtkGaussian/../../../vtk/VTK-6.3.0/VTK-6.3.0_mingw/lib/cmake/vtk-6.3/Modules/vtkChartsCore.cmake">
          <Option virtualFolder="CMake Files\..\..\..\vtk\VTK-6.3.0\VTK-6.3.0_mingw\lib\cmake\vtk-6.3\Modules\" />
      </Unit>
      <Unit filename="D:/my_program/vtk/vtkGaussian/../../../vtk/VTK-6.3.0/VTK-6.3.0_mingw/lib/cmake/vtk-6.3/Modules/vtkCommonColor.cmake">
          <Option virtualFolder="CMake Files\..\..\..\vtk\VTK-6.3.0\VTK-6.3.0_mingw\lib\cmake\vtk-6.3\Modules\" />
      </Unit>
      <Unit filename="D:/my_program/vtk/vtkGaussian/../../../vtk/VTK-6.3.0/VTK-6.3.0_mingw/lib/cmake/vtk-6.3/Modules/vtkCommonDataModel.cmake">
          <Option virtualFolder="CMake Files\..\..\..\vtk\VTK-6.3.0\VTK-6.3.0_mingw\lib\cmake\vtk-6.3\Modules\" />
      </Unit>
      <Unit filename="D:/my_program/vtk/vtkGaussian/../../../vtk/VTK-6.3.0/VTK-6.3.0_mingw/lib/cmake/vtk-6.3/Modules/vtkCommonMath.cmake">
          <Option virtualFolder="CMake Files\..\..\..\vtk\VTK-6.3.0\VTK-6.3.0_mingw\lib\cmake\vtk-6.3\Modules\" />
      </Unit>
      <Unit filename="D:/my_program/vtk/vtkGaussian/../../../vtk/VTK-6.3.0/VTK-6.3.0_mingw/lib/cmake/vtk-6.3/Modules/vtkCommonCore.cmake">
          <Option virtualFolder="CMake Files\..\..\..\vtk\VTK-6.3.0\VTK-6.3.0_mingw\lib\cmake\vtk-6.3\Modules\" />
      </Unit>
      <Unit filename="D:/my_program/vtk/vtkGaussian/../../../vtk/VTK-6.3.0/VTK-6.3.0_mingw/lib/cmake/vtk-6.3/Modules/vtksys.cmake">
          <Option virtualFolder="CMake Files\..\..\..\vtk\VTK-6.3.0\VTK-6.3.0_mingw\lib\cmake\vtk-6.3\Modules\" />
      </Unit>
      <Unit filename="D:/my_program/vtk/vtkGaussian/../../../vtk/VTK-6.3.0/VTK-6.3.0_mingw/lib/cmake/vtk-6.3/Modules/vtkCommonMisc.cmake">
          <Option virtualFolder="CMake Files\..\..\..\vtk\VTK-6.3.0\VTK-6.3.0_mingw\lib\cmake\vtk-6.3\Modules\" />
      </Unit>
      <Unit filename="D:/my_program/vtk/vtkGaussian/../../../vtk/VTK-6.3.0/VTK-6.3.0_mingw/lib/cmake/vtk-6.3/Modules/vtkCommonSystem.cmake">
          <Option virtualFolder="CMake Files\..\..\..\vtk\VTK-6.3.0\VTK-6.3.0_mingw\lib\cmake\vtk-6.3\Modules\" />
      </Unit>
      <Unit filename="D:/my_program/vtk/vtkGaussian/../../../vtk/VTK-6.3.0/VTK-6.3.0_mingw/lib/cmake/vtk-6.3/Modules/vtkCommonTransforms.cmake">
          <Option virtualFolder="CMake Files\..\..\..\vtk\VTK-6.3.0\VTK-6.3.0_mingw\lib\cmake\vtk-6.3\Modules\" />
      </Unit>
      <Unit filename="D:/my_program/vtk/vtkGaussian/../../../vtk/VTK-6.3.0/VTK-6.3.0_mingw/lib/cmake/vtk-6.3/Modules/vtkInfovisCore.cmake">
          <Option virtualFolder="CMake Files\..\..\..\vtk\VTK-6.3.0\VTK-6.3.0_mingw\lib\cmake\vtk-6.3\Modules\" />
      </Unit>
      <Unit filename="D:/my_program/vtk/vtkGaussian/../../../vtk/VTK-6.3.0/VTK-6.3.0_mingw/lib/cmake/vtk-6.3/Modules/vtkFiltersExtraction.cmake">
          <Option virtualFolder="CMake Files\..\..\..\vtk\VTK-6.3.0\VTK-6.3.0_mingw\lib\cmake\vtk-6.3\Modules\" />
      </Unit>
      <Unit filename="D:/my_program/vtk/vtkGaussian/../../../vtk/VTK-6.3.0/VTK-6.3.0_mingw/lib/cmake/vtk-6.3/Modules/vtkCommonExecutionModel.cmake">
          <Option virtualFolder="CMake Files\..\..\..\vtk\VTK-6.3.0\VTK-6.3.0_mingw\lib\cmake\vtk-6.3\Modules\" />
      </Unit>
      <Unit filename="D:/my_program/vtk/vtkGaussian/../../../vtk/VTK-6.3.0/VTK-6.3.0_mingw/lib/cmake/vtk-6.3/Modules/vtkFiltersCore.cmake">
          <Option virtualFolder="CMake Files\..\..\..\vtk\VTK-6.3.0\VTK-6.3.0_mingw\lib\cmake\vtk-6.3\Modules\" />
      </Unit>
      <Unit filename="D:/my_program/vtk/vtkGaussian/../../../vtk/VTK-6.3.0/VTK-6.3.0_mingw/lib/cmake/vtk-6.3/Modules/vtkFiltersGeneral.cmake">
          <Option virtualFolder="CMake Files\..\..\..\vtk\VTK-6.3.0\VTK-6.3.0_mingw\lib\cmake\vtk-6.3\Modules\" />
      </Unit>
      <Unit filename="D:/my_program/vtk/vtkGaussian/../../../vtk/VTK-6.3.0/VTK-6.3.0_mingw/lib/cmake/vtk-6.3/Modules/vtkCommonComputationalGeometry.cmake">
          <Option virtualFolder="CMake Files\..\..\..\vtk\VTK-6.3.0\VTK-6.3.0_mingw\lib\cmake\vtk-6.3\Modules\" />
      </Unit>
      <Unit filename="D:/my_program/vtk/vtkGaussian/../../../vtk/VTK-6.3.0/VTK-6.3.0_mingw/lib/cmake/vtk-6.3/Modules/vtkFiltersStatistics.cmake">
          <Option virtualFolder="CMake Files\..\..\..\vtk\VTK-6.3.0\VTK-6.3.0_mingw\lib\cmake\vtk-6.3\Modules\" />
      </Unit>
      <Unit filename="D:/my_program/vtk/vtkGaussian/../../../vtk/VTK-6.3.0/VTK-6.3.0_mingw/lib/cmake/vtk-6.3/Modules/vtkImagingFourier.cmake">
          <Option virtualFolder="CMake Files\..\..\..\vtk\VTK-6.3.0\VTK-6.3.0_mingw\lib\cmake\vtk-6.3\Modules\" />
      </Unit>
      <Unit filename="D:/my_program/vtk/vtkGaussian/../../../vtk/VTK-6.3.0/VTK-6.3.0_mingw/lib/cmake/vtk-6.3/Modules/vtkImagingCore.cmake">
          <Option virtualFolder="CMake Files\..\..\..\vtk\VTK-6.3.0\VTK-6.3.0_mingw\lib\cmake\vtk-6.3\Modules\" />
      </Unit>
      <Unit filename="D:/my_program/vtk/vtkGaussian/../../../vtk/VTK-6.3.0/VTK-6.3.0_mingw/lib/cmake/vtk-6.3/Modules/vtkRenderingContext2D.cmake">
          <Option virtualFolder="CMake Files\..\..\..\vtk\VTK-6.3.0\VTK-6.3.0_mingw\lib\cmake\vtk-6.3\Modules\" />
      </Unit>
      <Unit filename="D:/my_program/vtk/vtkGaussian/../../../vtk/VTK-6.3.0/VTK-6.3.0_mingw/lib/cmake/vtk-6.3/Modules/vtkRenderingCore.cmake">
          <Option virtualFolder="CMake Files\..\..\..\vtk\VTK-6.3.0\VTK-6.3.0_mingw\lib\cmake\vtk-6.3\Modules\" />
      </Unit>
      <Unit filename="D:/my_program/vtk/vtkGaussian/../../../vtk/VTK-6.3.0/VTK-6.3.0_mingw/lib/cmake/vtk-6.3/Modules/vtkFiltersGeometry.cmake">
          <Option virtualFolder="CMake Files\..\..\..\vtk\VTK-6.3.0\VTK-6.3.0_mingw\lib\cmake\vtk-6.3\Modules\" />
      </Unit>
      <Unit filename="D:/my_program/vtk/vtkGaussian/../../../vtk/VTK-6.3.0/VTK-6.3.0_mingw/lib/cmake/vtk-6.3/Modules/vtkFiltersSources.cmake">
          <Option virtualFolder="CMake Files\..\..\..\vtk\VTK-6.3.0\VTK-6.3.0_mingw\lib\cmake\vtk-6.3\Modules\" />
      </Unit>
      <Unit filename="D:/my_program/vtk/vtkGaussian/../../../vtk/VTK-6.3.0/VTK-6.3.0_mingw/lib/cmake/vtk-6.3/Modules/vtkRenderingFreeType.cmake">
          <Option virtualFolder="CMake Files\..\..\..\vtk\VTK-6.3.0\VTK-6.3.0_mingw\lib\cmake\vtk-6.3\Modules\" />
      </Unit>
      <Unit filename="D:/my_program/vtk/vtkGaussian/../../../vtk/VTK-6.3.0/VTK-6.3.0_mingw/lib/cmake/vtk-6.3/Modules/vtkfreetype.cmake">
          <Option virtualFolder="CMake Files\..\..\..\vtk\VTK-6.3.0\VTK-6.3.0_mingw\lib\cmake\vtk-6.3\Modules\" />
      </Unit>
      <Unit filename="D:/my_program/vtk/vtkGaussian/../../../vtk/VTK-6.3.0/VTK-6.3.0_mingw/lib/cmake/vtk-6.3/Modules/vtkzlib.cmake">
          <Option virtualFolder="CMake Files\..\..\..\vtk\VTK-6.3.0\VTK-6.3.0_mingw\lib\cmake\vtk-6.3\Modules\" />
      </Unit>
      <Unit filename="D:/my_program/vtk/vtkGaussian/../../../vtk/VTK-6.3.0/VTK-6.3.0_mingw/lib/cmake/vtk-6.3/Modules/vtkftgl.cmake">
          <Option virtualFolder="CMake Files\..\..\..\vtk\VTK-6.3.0\VTK-6.3.0_mingw\lib\cmake\vtk-6.3\Modules\" />
      </Unit>
      <Unit filename="D:/my_program/vtk/vtkGaussian/../../../vtk/VTK-6.3.0/VTK-6.3.0_mingw/lib/cmake/vtk-6.3/Modules/vtkDICOMParser.cmake">
          <Option virtualFolder="CMake Files\..\..\..\vtk\VTK-6.3.0\VTK-6.3.0_mingw\lib\cmake\vtk-6.3\Modules\" />
      </Unit>
      <Unit filename="D:/my_program/vtk/vtkGaussian/../../../vtk/VTK-6.3.0/VTK-6.3.0_mingw/lib/cmake/vtk-6.3/Modules/vtkDomainsChemistry.cmake">
          <Option virtualFolder="CMake Files\..\..\..\vtk\VTK-6.3.0\VTK-6.3.0_mingw\lib\cmake\vtk-6.3\Modules\" />
      </Unit>
      <Unit filename="D:/my_program/vtk/vtkGaussian/../../../vtk/VTK-6.3.0/VTK-6.3.0_mingw/lib/cmake/vtk-6.3/Modules/vtkIOXML.cmake">
          <Option virtualFolder="CMake Files\..\..\..\vtk\VTK-6.3.0\VTK-6.3.0_mingw\lib\cmake\vtk-6.3\Modules\" />
      </Unit>
      <Unit filename="D:/my_program/vtk/vtkGaussian/../../../vtk/VTK-6.3.0/VTK-6.3.0_mingw/lib/cmake/vtk-6.3/Modules/vtkIOGeometry.cmake">
          <Option virtualFolder="CMake Files\..\..\..\vtk\VTK-6.3.0\VTK-6.3.0_mingw\lib\cmake\vtk-6.3\Modules\" />
      </Unit>
      <Unit filename="D:/my_program/vtk/vtkGaussian/../../../vtk/VTK-6.3.0/VTK-6.3.0_mingw/lib/cmake/vtk-6.3/Modules/vtkIOCore.cmake">
          <Option virtualFolder="CMake Files\..\..\..\vtk\VTK-6.3.0\VTK-6.3.0_mingw\lib\cmake\vtk-6.3\Modules\" />
      </Unit>
      <Unit filename="D:/my_program/vtk/vtkGaussian/../../../vtk/VTK-6.3.0/VTK-6.3.0_mingw/lib/cmake/vtk-6.3/Modules/vtkIOXMLParser.cmake">
          <Option virtualFolder="CMake Files\..\..\..\vtk\VTK-6.3.0\VTK-6.3.0_mingw\lib\cmake\vtk-6.3\Modules\" />
      </Unit>
      <Unit filename="D:/my_program/vtk/vtkGaussian/../../../vtk/VTK-6.3.0/VTK-6.3.0_mingw/lib/cmake/vtk-6.3/Modules/vtkexpat.cmake">
          <Option virtualFolder="CMake Files\..\..\..\vtk\VTK-6.3.0\VTK-6.3.0_mingw\lib\cmake\vtk-6.3\Modules\" />
      </Unit>
      <Unit filename="D:/my_program/vtk/vtkGaussian/../../../vtk/VTK-6.3.0/VTK-6.3.0_mingw/lib/cmake/vtk-6.3/Modules/vtkexodusII.cmake">
          <Option virtualFolder="CMake Files\..\..\..\vtk\VTK-6.3.0\VTK-6.3.0_mingw\lib\cmake\vtk-6.3\Modules\" />
      </Unit>
      <Unit filename="D:/my_program/vtk/vtkGaussian/../../../vtk/VTK-6.3.0/VTK-6.3.0_mingw/lib/cmake/vtk-6.3/Modules/vtknetcdf.cmake">
          <Option virtualFolder="CMake Files\..\..\..\vtk\VTK-6.3.0\VTK-6.3.0_mingw\lib\cmake\vtk-6.3\Modules\" />
      </Unit>
      <Unit filename="D:/my_program/vtk/vtkGaussian/../../../vtk/VTK-6.3.0/VTK-6.3.0_mingw/lib/cmake/vtk-6.3/Modules/vtkhdf5.cmake">
          <Option virtualFolder="CMake Files\..\..\..\vtk\VTK-6.3.0\VTK-6.3.0_mingw\lib\cmake\vtk-6.3\Modules\" />
      </Unit>
      <Unit filename="D:/my_program/vtk/vtkGaussian/../../../vtk/VTK-6.3.0/VTK-6.3.0_mingw/lib/cmake/vtk-6.3/Modules/vtkFiltersAMR.cmake">
          <Option virtualFolder="CMake Files\..\..\..\vtk\VTK-6.3.0\VTK-6.3.0_mingw\lib\cmake\vtk-6.3\Modules\" />
      </Unit>
      <Unit filename="D:/my_program/vtk/vtkGaussian/../../../vtk/VTK-6.3.0/VTK-6.3.0_mingw/lib/cmake/vtk-6.3/Modules/vtkParallelCore.cmake">
          <Option virtualFolder="CMake Files\..\..\..\vtk\VTK-6.3.0\VTK-6.3.0_mingw\lib\cmake\vtk-6.3\Modules\" />
      </Unit>
      <Unit filename="D:/my_program/vtk/vtkGaussian/../../../vtk/VTK-6.3.0/VTK-6.3.0_mingw/lib/cmake/vtk-6.3/Modules/vtkIOLegacy.cmake">
          <Option virtualFolder="CMake Files\..\..\..\vtk\VTK-6.3.0\VTK-6.3.0_mingw\lib\cmake\vtk-6.3\Modules\" />
      </Unit>
      <Unit filename="D:/my_program/vtk/vtkGaussian/../../../vtk/VTK-6.3.0/VTK-6.3.0_mingw/lib/cmake/vtk-6.3/Modules/vtkUtilitiesHashSource.cmake">
          <Option virtualFolder="CMake Files\..\..\..\vtk\VTK-6.3.0\VTK-6.3.0_mingw\lib\cmake\vtk-6.3\Modules\" />
      </Unit>
      <Unit filename="D:/my_program/vtk/vtkGaussian/../../../vtk/VTK-6.3.0/VTK-6.3.0_mingw/lib/cmake/vtk-6.3/Modules/vtkFiltersFlowPaths.cmake">
          <Option virtualFolder="CMake Files\..\..\..\vtk\VTK-6.3.0\VTK-6.3.0_mingw\lib\cmake\vtk-6.3\Modules\" />
      </Unit>
      <Unit filename="D:/my_program/vtk/vtkGaussian/../../../vtk/VTK-6.3.0/VTK-6.3.0_mingw/lib/cmake/vtk-6.3/Modules/vtkFiltersGeneric.cmake">
          <Option virtualFolder="CMake Files\..\..\..\vtk\VTK-6.3.0\VTK-6.3.0_mingw\lib\cmake\vtk-6.3\Modules\" />
      </Unit>
      <Unit filename="D:/my_program/vtk/vtkGaussian/../../../vtk/VTK-6.3.0/VTK-6.3.0_mingw/lib/cmake/vtk-6.3/Modules/vtkFiltersHybrid.cmake">
          <Option virtualFolder="CMake Files\..\..\..\vtk\VTK-6.3.0\VTK-6.3.0_mingw\lib\cmake\vtk-6.3\Modules\" />
      </Unit>
      <Unit filename="D:/my_program/vtk/vtkGaussian/../../../vtk/VTK-6.3.0/VTK-6.3.0_mingw/lib/cmake/vtk-6.3/Modules/vtkImagingSources.cmake">
          <Option virtualFolder="CMake Files\..\..\..\vtk\VTK-6.3.0\VTK-6.3.0_mingw\lib\cmake\vtk-6.3\Modules\" />
      </Unit>
      <Unit filename="D:/my_program/vtk/vtkGaussian/../../../vtk/VTK-6.3.0/VTK-6.3.0_mingw/lib/cmake/vtk-6.3/Modules/vtkFiltersHyperTree.cmake">
          <Option virtualFolder="CMake Files\..\..\..\vtk\VTK-6.3.0\VTK-6.3.0_mingw\lib\cmake\vtk-6.3\Modules\" />
      </Unit>
      <Unit filename="D:/my_program/vtk/vtkGaussian/../../../vtk/VTK-6.3.0/VTK-6.3.0_mingw/lib/cmake/vtk-6.3/Modules/vtkFiltersImaging.cmake">
          <Option virtualFolder="CMake Files\..\..\..\vtk\VTK-6.3.0\VTK-6.3.0_mingw\lib\cmake\vtk-6.3\Modules\" />
      </Unit>
      <Unit filename="D:/my_program/vtk/vtkGaussian/../../../vtk/VTK-6.3.0/VTK-6.3.0_mingw/lib/cmake/vtk-6.3/Modules/vtkImagingGeneral.cmake">
          <Option virtualFolder="CMake Files\..\..\..\vtk\VTK-6.3.0\VTK-6.3.0_mingw\lib\cmake\vtk-6.3\Modules\" />
      </Unit>
      <Unit filename="D:/my_program/vtk/vtkGaussian/../../../vtk/VTK-6.3.0/VTK-6.3.0_mingw/lib/cmake/vtk-6.3/Modules/vtkFiltersModeling.cmake">
          <Option virtualFolder="CMake Files\..\..\..\vtk\VTK-6.3.0\VTK-6.3.0_mingw\lib\cmake\vtk-6.3\Modules\" />
      </Unit>
      <Unit filename="D:/my_program/vtk/vtkGaussian/../../../vtk/VTK-6.3.0/VTK-6.3.0_mingw/lib/cmake/vtk-6.3/Modules/vtkFiltersParallel.cmake">
          <Option virtualFolder="CMake Files\..\..\..\vtk\VTK-6.3.0\VTK-6.3.0_mingw\lib\cmake\vtk-6.3\Modules\" />
      </Unit>
      <Unit filename="D:/my_program/vtk/vtkGaussian/../../../vtk/VTK-6.3.0/VTK-6.3.0_mingw/lib/cmake/vtk-6.3/Modules/vtkFiltersParallelImaging.cmake">
          <Option virtualFolder="CMake Files\..\..\..\vtk\VTK-6.3.0\VTK-6.3.0_mingw\lib\cmake\vtk-6.3\Modules\" />
      </Unit>
      <Unit filename="D:/my_program/vtk/vtkGaussian/../../../vtk/VTK-6.3.0/VTK-6.3.0_mingw/lib/cmake/vtk-6.3/Modules/vtkFiltersProgrammable.cmake">
          <Option virtualFolder="CMake Files\..\..\..\vtk\VTK-6.3.0\VTK-6.3.0_mingw\lib\cmake\vtk-6.3\Modules\" />
      </Unit>
      <Unit filename="D:/my_program/vtk/vtkGaussian/../../../vtk/VTK-6.3.0/VTK-6.3.0_mingw/lib/cmake/vtk-6.3/Modules/vtkFiltersSelection.cmake">
          <Option virtualFolder="CMake Files\..\..\..\vtk\VTK-6.3.0\VTK-6.3.0_mingw\lib\cmake\vtk-6.3\Modules\" />
      </Unit>
      <Unit filename="D:/my_program/vtk/vtkGaussian/../../../vtk/VTK-6.3.0/VTK-6.3.0_mingw/lib/cmake/vtk-6.3/Modules/vtkFiltersSMP.cmake">
          <Option virtualFolder="CMake Files\..\..\..\vtk\VTK-6.3.0\VTK-6.3.0_mingw\lib\cmake\vtk-6.3\Modules\" />
      </Unit>
      <Unit filename="D:/my_program/vtk/vtkGaussian/../../../vtk/VTK-6.3.0/VTK-6.3.0_mingw/lib/cmake/vtk-6.3/Modules/vtkFiltersTexture.cmake">
          <Option virtualFolder="CMake Files\..\..\..\vtk\VTK-6.3.0\VTK-6.3.0_mingw\lib\cmake\vtk-6.3\Modules\" />
      </Unit>
      <Unit filename="D:/my_program/vtk/vtkGaussian/../../../vtk/VTK-6.3.0/VTK-6.3.0_mingw/lib/cmake/vtk-6.3/Modules/vtkFiltersVerdict.cmake">
          <Option virtualFolder="CMake Files\..\..\..\vtk\VTK-6.3.0\VTK-6.3.0_mingw\lib\cmake\vtk-6.3\Modules\" />
      </Unit>
      <Unit filename="D:/my_program/vtk/vtkGaussian/../../../vtk/VTK-6.3.0/VTK-6.3.0_mingw/lib/cmake/vtk-6.3/Modules/vtkverdict.cmake">
          <Option virtualFolder="CMake Files\..\..\..\vtk\VTK-6.3.0\VTK-6.3.0_mingw\lib\cmake\vtk-6.3\Modules\" />
      </Unit>
      <Unit filename="D:/my_program/vtk/vtkGaussian/../../../vtk/VTK-6.3.0/VTK-6.3.0_mingw/lib/cmake/vtk-6.3/Modules/vtkGeovisCore.cmake">
          <Option virtualFolder="CMake Files\..\..\..\vtk\VTK-6.3.0\VTK-6.3.0_mingw\lib\cmake\vtk-6.3\Modules\" />
      </Unit>
      <Unit filename="D:/my_program/vtk/vtkGaussian/../../../vtk/VTK-6.3.0/VTK-6.3.0_mingw/lib/cmake/vtk-6.3/Modules/vtkInfovisLayout.cmake">
          <Option virtualFolder="CMake Files\..\..\..\vtk\VTK-6.3.0\VTK-6.3.0_mingw\lib\cmake\vtk-6.3\Modules\" />
      </Unit>
      <Unit filename="D:/my_program/vtk/vtkGaussian/../../../vtk/VTK-6.3.0/VTK-6.3.0_mingw/lib/cmake/vtk-6.3/Modules/vtkImagingHybrid.cmake">
          <Option virtualFolder="CMake Files\..\..\..\vtk\VTK-6.3.0\VTK-6.3.0_mingw\lib\cmake\vtk-6.3\Modules\" />
      </Unit>
      <Unit filename="D:/my_program/vtk/vtkGaussian/../../../vtk/VTK-6.3.0/VTK-6.3.0_mingw/lib/cmake/vtk-6.3/Modules/vtkIOImage.cmake">
          <Option virtualFolder="CMake Files\..\..\..\vtk\VTK-6.3.0\VTK-6.3.0_mingw\lib\cmake\vtk-6.3\Modules\" />
      </Unit>
      <Unit filename="D:/my_program/vtk/vtkGaussian/../../../vtk/VTK-6.3.0/VTK-6.3.0_mingw/lib/cmake/vtk-6.3/Modules/vtkMetaIO.cmake">
          <Option virtualFolder="CMake Files\..\..\..\vtk\VTK-6.3.0\VTK-6.3.0_mingw\lib\cmake\vtk-6.3\Modules\" />
      </Unit>
      <Unit filename="D:/my_program/vtk/vtkGaussian/../../../vtk/VTK-6.3.0/VTK-6.3.0_mingw/lib/cmake/vtk-6.3/Modules/vtkjpeg.cmake">
          <Option virtualFolder="CMake Files\..\..\..\vtk\VTK-6.3.0\VTK-6.3.0_mingw\lib\cmake\vtk-6.3\Modules\" />
      </Unit>
      <Unit filename="D:/my_program/vtk/vtkGaussian/../../../vtk/VTK-6.3.0/VTK-6.3.0_mingw/lib/cmake/vtk-6.3/Modules/vtkpng.cmake">
          <Option virtualFolder="CMake Files\..\..\..\vtk\VTK-6.3.0\VTK-6.3.0_mingw\lib\cmake\vtk-6.3\Modules\" />
      </Unit>
      <Unit filename="D:/my_program/vtk/vtkGaussian/../../../vtk/VTK-6.3.0/VTK-6.3.0_mingw/lib/cmake/vtk-6.3/Modules/vtktiff.cmake">
          <Option virtualFolder="CMake Files\..\..\..\vtk\VTK-6.3.0\VTK-6.3.0_mingw\lib\cmake\vtk-6.3\Modules\" />
      </Unit>
      <Unit filename="D:/my_program/vtk/vtkGaussian/../../../vtk/VTK-6.3.0/VTK-6.3.0_mingw/lib/cmake/vtk-6.3/Modules/vtkInteractionStyle.cmake">
          <Option virtualFolder="CMake Files\..\..\..\vtk\VTK-6.3.0\VTK-6.3.0_mingw\lib\cmake\vtk-6.3\Modules\" />
      </Unit>
      <Unit filename="D:/my_program/vtk/vtkGaussian/../../../vtk/VTK-6.3.0/VTK-6.3.0_mingw/lib/cmake/vtk-6.3/Modules/vtkInteractionWidgets.cmake">
          <Option virtualFolder="CMake Files\..\..\..\vtk\VTK-6.3.0\VTK-6.3.0_mingw\lib\cmake\vtk-6.3\Modules\" />
      </Unit>
      <Unit filename="D:/my_program/vtk/vtkGaussian/../../../vtk/VTK-6.3.0/VTK-6.3.0_mingw/lib/cmake/vtk-6.3/Modules/vtkRenderingAnnotation.cmake">
          <Option virtualFolder="CMake Files\..\..\..\vtk\VTK-6.3.0\VTK-6.3.0_mingw\lib\cmake\vtk-6.3\Modules\" />
      </Unit>
      <Unit filename="D:/my_program/vtk/vtkGaussian/../../../vtk/VTK-6.3.0/VTK-6.3.0_mingw/lib/cmake/vtk-6.3/Modules/vtkImagingColor.cmake">
          <Option virtualFolder="CMake Files\..\..\..\vtk\VTK-6.3.0\VTK-6.3.0_mingw\lib\cmake\vtk-6.3\Modules\" />
      </Unit>
      <Unit filename="D:/my_program/vtk/vtkGaussian/../../../vtk/VTK-6.3.0/VTK-6.3.0_mingw/lib/cmake/vtk-6.3/Modules/vtkRenderingVolume.cmake">
          <Option virtualFolder="CMake Files\..\..\..\vtk\VTK-6.3.0\VTK-6.3.0_mingw\lib\cmake\vtk-6.3\Modules\" />
      </Unit>
      <Unit filename="D:/my_program/vtk/vtkGaussian/../../../vtk/VTK-6.3.0/VTK-6.3.0_mingw/lib/cmake/vtk-6.3/Modules/vtkViewsCore.cmake">
          <Option virtualFolder="CMake Files\..\..\..\vtk\VTK-6.3.0\VTK-6.3.0_mingw\lib\cmake\vtk-6.3\Modules\" />
      </Unit>
      <Unit filename="D:/my_program/vtk/vtkGaussian/../../../vtk/VTK-6.3.0/VTK-6.3.0_mingw/lib/cmake/vtk-6.3/Modules/vtklibproj4.cmake">
          <Option virtualFolder="CMake Files\..\..\..\vtk\VTK-6.3.0\VTK-6.3.0_mingw\lib\cmake\vtk-6.3\Modules\" />
      </Unit>
      <Unit filename="D:/my_program/vtk/vtkGaussian/../../../vtk/VTK-6.3.0/VTK-6.3.0_mingw/lib/cmake/vtk-6.3/Modules/vtkgl2ps.cmake">
          <Option virtualFolder="CMake Files\..\..\..\vtk\VTK-6.3.0\VTK-6.3.0_mingw\lib\cmake\vtk-6.3\Modules\" />
      </Unit>
      <Unit filename="D:/my_program/vtk/vtkGaussian/../../../vtk/VTK-6.3.0/VTK-6.3.0_mingw/lib/cmake/vtk-6.3/Modules/vtkGUISupportQt.cmake">
          <Option virtualFolder="CMake Files\..\..\..\vtk\VTK-6.3.0\VTK-6.3.0_mingw\lib\cmake\vtk-6.3\Modules\" />
      </Unit>
      <Unit filename="D:/my_program/vtk/vtkGaussian/../../../vtk/VTK-6.3.0/VTK-6.3.0_mingw/lib/cmake/vtk-6.3/Modules/vtkRenderingOpenGL.cmake">
          <Option virtualFolder="CMake Files\..\..\..\vtk\VTK-6.3.0\VTK-6.3.0_mingw\lib\cmake\vtk-6.3\Modules\" />
      </Unit>
      <Unit filename="D:/my_program/vtk/vtkGaussian/../../../vtk/VTK-6.3.0/VTK-6.3.0_mingw/lib/cmake/vtk-6.3/Modules/vtkParseOGLExt.cmake">
          <Option virtualFolder="CMake Files\..\..\..\vtk\VTK-6.3.0\VTK-6.3.0_mingw\lib\cmake\vtk-6.3\Modules\" />
      </Unit>
      <Unit filename="D:/my_program/vtk/vtkGaussian/../../../vtk/VTK-6.3.0/VTK-6.3.0_mingw/lib/cmake/vtk-6.3/Modules/vtkUtilitiesEncodeString.cmake">
          <Option virtualFolder="CMake Files\..\..\..\vtk\VTK-6.3.0\VTK-6.3.0_mingw\lib\cmake\vtk-6.3\Modules\" />
      </Unit>
      <Unit filename="D:/my_program/vtk/vtkGaussian/../../../vtk/VTK-6.3.0/VTK-6.3.0_mingw/lib/cmake/vtk-6.3/Modules/vtkGUISupportQtOpenGL.cmake">
          <Option virtualFolder="CMake Files\..\..\..\vtk\VTK-6.3.0\VTK-6.3.0_mingw\lib\cmake\vtk-6.3\Modules\" />
      </Unit>
      <Unit filename="D:/my_program/vtk/vtkGaussian/../../../vtk/VTK-6.3.0/VTK-6.3.0_mingw/lib/cmake/vtk-6.3/Modules/vtkGUISupportQtSQL.cmake">
          <Option virtualFolder="CMake Files\..\..\..\vtk\VTK-6.3.0\VTK-6.3.0_mingw\lib\cmake\vtk-6.3\Modules\" />
      </Unit>
      <Unit filename="D:/my_program/vtk/vtkGaussian/../../../vtk/VTK-6.3.0/VTK-6.3.0_mingw/lib/cmake/vtk-6.3/Modules/vtkIOSQL.cmake">
          <Option virtualFolder="CMake Files\..\..\..\vtk\VTK-6.3.0\VTK-6.3.0_mingw\lib\cmake\vtk-6.3\Modules\" />
      </Unit>
      <Unit filename="D:/my_program/vtk/vtkGaussian/../../../vtk/VTK-6.3.0/VTK-6.3.0_mingw/lib/cmake/vtk-6.3/Modules/vtksqlite.cmake">
          <Option virtualFolder="CMake Files\..\..\..\vtk\VTK-6.3.0\VTK-6.3.0_mingw\lib\cmake\vtk-6.3\Modules\" />
      </Unit>
      <Unit filename="D:/my_program/vtk/vtkGaussian/../../../vtk/VTK-6.3.0/VTK-6.3.0_mingw/lib/cmake/vtk-6.3/Modules/vtkGUISupportQtWebkit.cmake">
          <Option virtualFolder="CMake Files\..\..\..\vtk\VTK-6.3.0\VTK-6.3.0_mingw\lib\cmake\vtk-6.3\Modules\" />
      </Unit>
      <Unit filename="D:/my_program/vtk/vtkGaussian/../../../vtk/VTK-6.3.0/VTK-6.3.0_mingw/lib/cmake/vtk-6.3/Modules/vtkViewsQt.cmake">
          <Option virtualFolder="CMake Files\..\..\..\vtk\VTK-6.3.0\VTK-6.3.0_mingw\lib\cmake\vtk-6.3\Modules\" />
      </Unit>
      <Unit filename="D:/my_program/vtk/vtkGaussian/../../../vtk/VTK-6.3.0/VTK-6.3.0_mingw/lib/cmake/vtk-6.3/Modules/vtkViewsInfovis.cmake">
          <Option virtualFolder="CMake Files\..\..\..\vtk\VTK-6.3.0\VTK-6.3.0_mingw\lib\cmake\vtk-6.3\Modules\" />
      </Unit>
      <Unit filename="D:/my_program/vtk/vtkGaussian/../../../vtk/VTK-6.3.0/VTK-6.3.0_mingw/lib/cmake/vtk-6.3/Modules/vtkRenderingLabel.cmake">
          <Option virtualFolder="CMake Files\..\..\..\vtk\VTK-6.3.0\VTK-6.3.0_mingw\lib\cmake\vtk-6.3\Modules\" />
      </Unit>
      <Unit filename="D:/my_program/vtk/vtkGaussian/../../../vtk/VTK-6.3.0/VTK-6.3.0_mingw/lib/cmake/vtk-6.3/Modules/vtkImagingMath.cmake">
          <Option virtualFolder="CMake Files\..\..\..\vtk\VTK-6.3.0\VTK-6.3.0_mingw\lib\cmake\vtk-6.3\Modules\" />
      </Unit>
      <Unit filename="D:/my_program/vtk/vtkGaussian/../../../vtk/VTK-6.3.0/VTK-6.3.0_mingw/lib/cmake/vtk-6.3/Modules/vtkImagingMorphological.cmake">
          <Option virtualFolder="CMake Files\..\..\..\vtk\VTK-6.3.0\VTK-6.3.0_mingw\lib\cmake\vtk-6.3\Modules\" />
      </Unit>
      <Unit filename="D:/my_program/vtk/vtkGaussian/../../../vtk/VTK-6.3.0/VTK-6.3.0_mingw/lib/cmake/vtk-6.3/Modules/vtkImagingStatistics.cmake">
          <Option virtualFolder="CMake Files\..\..\..\vtk\VTK-6.3.0\VTK-6.3.0_mingw\lib\cmake\vtk-6.3\Modules\" />
      </Unit>
      <Unit filename="D:/my_program/vtk/vtkGaussian/../../../vtk/VTK-6.3.0/VTK-6.3.0_mingw/lib/cmake/vtk-6.3/Modules/vtkImagingStencil.cmake">
          <Option virtualFolder="CMake Files\..\..\..\vtk\VTK-6.3.0\VTK-6.3.0_mingw\lib\cmake\vtk-6.3\Modules\" />
      </Unit>
      <Unit filename="D:/my_program/vtk/vtkGaussian/../../../vtk/VTK-6.3.0/VTK-6.3.0_mingw/lib/cmake/vtk-6.3/Modules/vtkInteractionImage.cmake">
          <Option virtualFolder="CMake Files\..\..\..\vtk\VTK-6.3.0\VTK-6.3.0_mingw\lib\cmake\vtk-6.3\Modules\" />
      </Unit>
      <Unit filename="D:/my_program/vtk/vtkGaussian/../../../vtk/VTK-6.3.0/VTK-6.3.0_mingw/lib/cmake/vtk-6.3/Modules/vtkIOAMR.cmake">
          <Option virtualFolder="CMake Files\..\..\..\vtk\VTK-6.3.0\VTK-6.3.0_mingw\lib\cmake\vtk-6.3\Modules\" />
      </Unit>
      <Unit filename="D:/my_program/vtk/vtkGaussian/../../../vtk/VTK-6.3.0/VTK-6.3.0_mingw/lib/cmake/vtk-6.3/Modules/vtkIOEnSight.cmake">
          <Option virtualFolder="CMake Files\..\..\..\vtk\VTK-6.3.0\VTK-6.3.0_mingw\lib\cmake\vtk-6.3\Modules\" />
      </Unit>
      <Unit filename="D:/my_program/vtk/vtkGaussian/../../../vtk/VTK-6.3.0/VTK-6.3.0_mingw/lib/cmake/vtk-6.3/Modules/vtkIOExodus.cmake">
          <Option virtualFolder="CMake Files\..\..\..\vtk\VTK-6.3.0\VTK-6.3.0_mingw\lib\cmake\vtk-6.3\Modules\" />
      </Unit>
      <Unit filename="D:/my_program/vtk/vtkGaussian/../../../vtk/VTK-6.3.0/VTK-6.3.0_mingw/lib/cmake/vtk-6.3/Modules/vtkIOExport.cmake">
          <Option virtualFolder="CMake Files\..\..\..\vtk\VTK-6.3.0\VTK-6.3.0_mingw\lib\cmake\vtk-6.3\Modules\" />
      </Unit>
      <Unit filename="D:/my_program/vtk/vtkGaussian/../../../vtk/VTK-6.3.0/VTK-6.3.0_mingw/lib/cmake/vtk-6.3/Modules/vtkRenderingGL2PS.cmake">
          <Option virtualFolder="CMake Files\..\..\..\vtk\VTK-6.3.0\VTK-6.3.0_mingw\lib\cmake\vtk-6.3\Modules\" />
      </Unit>
      <Unit filename="D:/my_program/vtk/vtkGaussian/../../../vtk/VTK-6.3.0/VTK-6.3.0_mingw/lib/cmake/vtk-6.3/Modules/vtkRenderingContextOpenGL.cmake">
          <Option virtualFolder="CMake Files\..\..\..\vtk\VTK-6.3.0\VTK-6.3.0_mingw\lib\cmake\vtk-6.3\Modules\" />
      </Unit>
      <Unit filename="D:/my_program/vtk/vtkGaussian/../../../vtk/VTK-6.3.0/VTK-6.3.0_mingw/lib/cmake/vtk-6.3/Modules/vtkIOImport.cmake">
          <Option virtualFolder="CMake Files\..\..\..\vtk\VTK-6.3.0\VTK-6.3.0_mingw\lib\cmake\vtk-6.3\Modules\" />
      </Unit>
      <Unit filename="D:/my_program/vtk/vtkGaussian/../../../vtk/VTK-6.3.0/VTK-6.3.0_mingw/lib/cmake/vtk-6.3/Modules/vtkIOInfovis.cmake">
          <Option virtualFolder="CMake Files\..\..\..\vtk\VTK-6.3.0\VTK-6.3.0_mingw\lib\cmake\vtk-6.3\Modules\" />
      </Unit>
      <Unit filename="D:/my_program/vtk/vtkGaussian/../../../vtk/VTK-6.3.0/VTK-6.3.0_mingw/lib/cmake/vtk-6.3/Modules/vtklibxml2.cmake">
          <Option virtualFolder="CMake Files\..\..\..\vtk\VTK-6.3.0\VTK-6.3.0_mingw\lib\cmake\vtk-6.3\Modules\" />
      </Unit>
      <Unit filename="D:/my_program/vtk/vtkGaussian/../../../vtk/VTK-6.3.0/VTK-6.3.0_mingw/lib/cmake/vtk-6.3/Modules/vtkIOLSDyna.cmake">
          <Option virtualFolder="CMake Files\..\..\..\vtk\VTK-6.3.0\VTK-6.3.0_mingw\lib\cmake\vtk-6.3\Modules\" />
      </Unit>
      <Unit filename="D:/my_program/vtk/vtkGaussian/../../../vtk/VTK-6.3.0/VTK-6.3.0_mingw/lib/cmake/vtk-6.3/Modules/vtkIOMINC.cmake">
          <Option virtualFolder="CMake Files\..\..\..\vtk\VTK-6.3.0\VTK-6.3.0_mingw\lib\cmake\vtk-6.3\Modules\" />
      </Unit>
      <Unit filename="D:/my_program/vtk/vtkGaussian/../../../vtk/VTK-6.3.0/VTK-6.3.0_mingw/lib/cmake/vtk-6.3/Modules/vtkIOMovie.cmake">
          <Option virtualFolder="CMake Files\..\..\..\vtk\VTK-6.3.0\VTK-6.3.0_mingw\lib\cmake\vtk-6.3\Modules\" />
      </Unit>
      <Unit filename="D:/my_program/vtk/vtkGaussian/../../../vtk/VTK-6.3.0/VTK-6.3.0_mingw/lib/cmake/vtk-6.3/Modules/vtkoggtheora.cmake">
          <Option virtualFolder="CMake Files\..\..\..\vtk\VTK-6.3.0\VTK-6.3.0_mingw\lib\cmake\vtk-6.3\Modules\" />
      </Unit>
      <Unit filename="D:/my_program/vtk/vtkGaussian/../../../vtk/VTK-6.3.0/VTK-6.3.0_mingw/lib/cmake/vtk-6.3/Modules/vtkIONetCDF.cmake">
          <Option virtualFolder="CMake Files\..\..\..\vtk\VTK-6.3.0\VTK-6.3.0_mingw\lib\cmake\vtk-6.3\Modules\" />
      </Unit>
      <Unit filename="D:/my_program/vtk/vtkGaussian/../../../vtk/VTK-6.3.0/VTK-6.3.0_mingw/lib/cmake/vtk-6.3/Modules/vtkIOParallel.cmake">
          <Option virtualFolder="CMake Files\..\..\..\vtk\VTK-6.3.0\VTK-6.3.0_mingw\lib\cmake\vtk-6.3\Modules\" />
      </Unit>
      <Unit filename="D:/my_program/vtk/vtkGaussian/../../../vtk/VTK-6.3.0/VTK-6.3.0_mingw/lib/cmake/vtk-6.3/Modules/vtkjsoncpp.cmake">
          <Option virtualFolder="CMake Files\..\..\..\vtk\VTK-6.3.0\VTK-6.3.0_mingw\lib\cmake\vtk-6.3\Modules\" />
      </Unit>
      <Unit filename="D:/my_program/vtk/vtkGaussian/../../../vtk/VTK-6.3.0/VTK-6.3.0_mingw/lib/cmake/vtk-6.3/Modules/vtkIOParallelXML.cmake">
          <Option virtualFolder="CMake Files\..\..\..\vtk\VTK-6.3.0\VTK-6.3.0_mingw\lib\cmake\vtk-6.3\Modules\" />
      </Unit>
      <Unit filename="D:/my_program/vtk/vtkGaussian/../../../vtk/VTK-6.3.0/VTK-6.3.0_mingw/lib/cmake/vtk-6.3/Modules/vtkIOPLY.cmake">
          <Option virtualFolder="CMake Files\..\..\..\vtk\VTK-6.3.0\VTK-6.3.0_mingw\lib\cmake\vtk-6.3\Modules\" />
      </Unit>
      <Unit filename="D:/my_program/vtk/vtkGaussian/../../../vtk/VTK-6.3.0/VTK-6.3.0_mingw/lib/cmake/vtk-6.3/Modules/vtkIOVideo.cmake">
          <Option virtualFolder="CMake Files\..\..\..\vtk\VTK-6.3.0\VTK-6.3.0_mingw\lib\cmake\vtk-6.3\Modules\" />
      </Unit>
      <Unit filename="D:/my_program/vtk/vtkGaussian/../../../vtk/VTK-6.3.0/VTK-6.3.0_mingw/lib/cmake/vtk-6.3/Modules/vtkRenderingImage.cmake">
          <Option virtualFolder="CMake Files\..\..\..\vtk\VTK-6.3.0\VTK-6.3.0_mingw\lib\cmake\vtk-6.3\Modules\" />
      </Unit>
      <Unit filename="D:/my_program/vtk/vtkGaussian/../../../vtk/VTK-6.3.0/VTK-6.3.0_mingw/lib/cmake/vtk-6.3/Modules/vtkRenderingLIC.cmake">
          <Option virtualFolder="CMake Files\..\..\..\vtk\VTK-6.3.0\VTK-6.3.0_mingw\lib\cmake\vtk-6.3\Modules\" />
      </Unit>
      <Unit filename="D:/my_program/vtk/vtkGaussian/../../../vtk/VTK-6.3.0/VTK-6.3.0_mingw/lib/cmake/vtk-6.3/Modules/vtkRenderingLOD.cmake">
          <Option virtualFolder="CMake Files\..\..\..\vtk\VTK-6.3.0\VTK-6.3.0_mingw\lib\cmake\vtk-6.3\Modules\" />
      </Unit>
      <Unit filename="D:/my_program/vtk/vtkGaussian/../../../vtk/VTK-6.3.0/VTK-6.3.0_mingw/lib/cmake/vtk-6.3/Modules/vtkRenderingQt.cmake">
          <Option virtualFolder="CMake Files\..\..\..\vtk\VTK-6.3.0\VTK-6.3.0_mingw\lib\cmake\vtk-6.3\Modules\" />
      </Unit>
      <Unit filename="D:/my_program/vtk/vtkGaussian/../../../vtk/VTK-6.3.0/VTK-6.3.0_mingw/lib/cmake/vtk-6.3/Modules/vtkRenderingVolumeOpenGL.cmake">
          <Option virtualFolder="CMake Files\..\..\..\vtk\VTK-6.3.0\VTK-6.3.0_mingw\lib\cmake\vtk-6.3\Modules\" />
      </Unit>
      <Unit filename="D:/my_program/vtk/vtkGaussian/../../../vtk/VTK-6.3.0/VTK-6.3.0_mingw/lib/cmake/vtk-6.3/Modules/vtkViewsContext2D.cmake">
          <Option virtualFolder="CMake Files\..\..\..\vtk\VTK-6.3.0\VTK-6.3.0_mingw\lib\cmake\vtk-6.3\Modules\" />
      </Unit>
      <Unit filename="D:/my_program/vtk/vtkGaussian/../../../Qt/Qt5.5.1/5.5/mingw492_32/lib/cmake/Qt5Widgets/Qt5WidgetsConfigVersion.cmake">
          <Option virtualFolder="CMake Files\..\..\..\Qt\Qt5.5.1\5.5\mingw492_32\lib\cmake\Qt5Widgets\" />
      </Unit>
      <Unit filename="D:/my_program/vtk/vtkGaussian/../../../Qt/Qt5.5.1/5.5/mingw492_32/lib/cmake/Qt5Widgets/Qt5WidgetsConfig.cmake">
          <Option virtualFolder="CMake Files\..\..\..\Qt\Qt5.5.1\5.5\mingw492_32\lib\cmake\Qt5Widgets\" />
      </Unit>
      <Unit filename="D:/my_program/vtk/vtkGaussian/../../../Qt/Qt5.5.1/5.5/mingw492_32/lib/cmake/Qt5Widgets/Qt5WidgetsConfigExtras.cmake">
          <Option virtualFolder="CMake Files\..\..\..\Qt\Qt5.5.1\5.5\mingw492_32\lib\cmake\Qt5Widgets\" />
      </Unit>
      <Unit filename="D:/my_program/vtk/vtkGaussian/../../../Qt/Qt5.5.1/5.5/mingw492_32/lib/cmake/Qt5Widgets/Qt5WidgetsMacros.cmake">
          <Option virtualFolder="CMake Files\..\..\..\Qt\Qt5.5.1\5.5\mingw492_32\lib\cmake\Qt5Widgets\" />
      </Unit>
      <Unit filename="D:/my_program/vtk/vtkGaussian/../../../Qt/Qt5.5.1/5.5/mingw492_32/lib/cmake/Qt5Widgets/Qt5WidgetsConfigVersion.cmake">
          <Option virtualFolder="CMake Files\..\..\..\Qt\Qt5.5.1\5.5\mingw492_32\lib\cmake\Qt5Widgets\" />
      </Unit>
      <Unit filename="D:/my_program/vtk/vtkGaussian/../../../Qt/Qt5.5.1/5.5/mingw492_32/lib/cmake/Qt5Widgets/Qt5WidgetsConfig.cmake">
          <Option virtualFolder="CMake Files\..\..\..\Qt\Qt5.5.1\5.5\mingw492_32\lib\cmake\Qt5Widgets\" />
      </Unit>
      <Unit filename="D:/my_program/vtk/vtkGaussian/../../../Qt/Qt5.5.1/5.5/mingw492_32/lib/cmake/Qt5Widgets/Qt5WidgetsConfigVersion.cmake">
          <Option virtualFolder="CMake Files\..\..\..\Qt\Qt5.5.1\5.5\mingw492_32\lib\cmake\Qt5Widgets\" />
      </Unit>
      <Unit filename="D:/my_program/vtk/vtkGaussian/../../../Qt/Qt5.5.1/5.5/mingw492_32/lib/cmake/Qt5Widgets/Qt5WidgetsConfig.cmake">
          <Option virtualFolder="CMake Files\..\..\..\Qt\Qt5.5.1\5.5\mingw492_32\lib\cmake\Qt5Widgets\" />
      </Unit>
      <Unit filename="D:/my_program/vtk/vtkGaussian/../../../Qt/Qt5.5.1/5.5/mingw492_32/lib/cmake/Qt5Widgets/Qt5WidgetsConfigVersion.cmake">
          <Option virtualFolder="CMake Files\..\..\..\Qt\Qt5.5.1\5.5\mingw492_32\lib\cmake\Qt5Widgets\" />
      </Unit>
      <Unit filename="D:/my_program/vtk/vtkGaussian/../../../Qt/Qt5.5.1/5.5/mingw492_32/lib/cmake/Qt5Widgets/Qt5WidgetsConfig.cmake">
          <Option virtualFolder="CMake Files\..\..\..\Qt\Qt5.5.1\5.5\mingw492_32\lib\cmake\Qt5Widgets\" />
      </Unit>
      <Unit filename="D:/my_program/vtk/vtkGaussian/../../../Qt/Qt5.5.1/5.5/mingw492_32/lib/cmake/Qt5Gui/Qt5GuiConfigVersion.cmake">
          <Option virtualFolder="CMake Files\..\..\..\Qt\Qt5.5.1\5.5\mingw492_32\lib\cmake\Qt5Gui\" />
      </Unit>
      <Unit filename="D:/my_program/vtk/vtkGaussian/../../../Qt/Qt5.5.1/5.5/mingw492_32/lib/cmake/Qt5Gui/Qt5GuiConfig.cmake">
          <Option virtualFolder="CMake Files\..\..\..\Qt\Qt5.5.1\5.5\mingw492_32\lib\cmake\Qt5Gui\" />
      </Unit>
      <Unit filename="D:/my_program/vtk/vtkGaussian/../../../Qt/Qt5.5.1/5.5/mingw492_32/lib/cmake/Qt5Gui/Qt5Gui_QDDSPlugin.cmake">
          <Option virtualFolder="CMake Files\..\..\..\Qt\Qt5.5.1\5.5\mingw492_32\lib\cmake\Qt5Gui\" />
      </Unit>
      <Unit filename="D:/my_program/vtk/vtkGaussian/../../../Qt/Qt5.5.1/5.5/mingw492_32/lib/cmake/Qt5Gui/Qt5Gui_QGifPlugin.cmake">
          <Option virtualFolder="CMake Files\..\..\..\Qt\Qt5.5.1\5.5\mingw492_32\lib\cmake\Qt5Gui\" />
      </Unit>
      <Unit filename="D:/my_program/vtk/vtkGaussian/../../../Qt/Qt5.5.1/5.5/mingw492_32/lib/cmake/Qt5Gui/Qt5Gui_QICNSPlugin.cmake">
          <Option virtualFolder="CMake Files\..\..\..\Qt\Qt5.5.1\5.5\mingw492_32\lib\cmake\Qt5Gui\" />
      </Unit>
      <Unit filename="D:/my_program/vtk/vtkGaussian/../../../Qt/Qt5.5.1/5.5/mingw492_32/lib/cmake/Qt5Gui/Qt5Gui_QICOPlugin.cmake">
          <Option virtualFolder="CMake Files\..\..\..\Qt\Qt5.5.1\5.5\mingw492_32\lib\cmake\Qt5Gui\" />
      </Unit>
      <Unit filename="D:/my_program/vtk/vtkGaussian/../../../Qt/Qt5.5.1/5.5/mingw492_32/lib/cmake/Qt5Gui/Qt5Gui_QJp2Plugin.cmake">
          <Option virtualFolder="CMake Files\..\..\..\Qt\Qt5.5.1\5.5\mingw492_32\lib\cmake\Qt5Gui\" />
      </Unit>
      <Unit filename="D:/my_program/vtk/vtkGaussian/../../../Qt/Qt5.5.1/5.5/mingw492_32/lib/cmake/Qt5Gui/Qt5Gui_QJpegPlugin.cmake">
          <Option virtualFolder="CMake Files\..\..\..\Qt\Qt5.5.1\5.5\mingw492_32\lib\cmake\Qt5Gui\" />
      </Unit>
      <Unit filename="D:/my_program/vtk/vtkGaussian/../../../Qt/Qt5.5.1/5.5/mingw492_32/lib/cmake/Qt5Gui/Qt5Gui_QMinimalIntegrationPlugin.cmake">
          <Option virtualFolder="CMake Files\..\..\..\Qt\Qt5.5.1\5.5\mingw492_32\lib\cmake\Qt5Gui\" />
      </Unit>
      <Unit filename="D:/my_program/vtk/vtkGaussian/../../../Qt/Qt5.5.1/5.5/mingw492_32/lib/cmake/Qt5Gui/Qt5Gui_QMngPlugin.cmake">
          <Option virtualFolder="CMake Files\..\..\..\Qt\Qt5.5.1\5.5\mingw492_32\lib\cmake\Qt5Gui\" />
      </Unit>
      <Unit filename="D:/my_program/vtk/vtkGaussian/../../../Qt/Qt5.5.1/5.5/mingw492_32/lib/cmake/Qt5Gui/Qt5Gui_QOffscreenIntegrationPlugin.cmake">
          <Option virtualFolder="CMake Files\..\..\..\Qt\Qt5.5.1\5.5\mingw492_32\lib\cmake\Qt5Gui\" />
      </Unit>
      <Unit filename="D:/my_program/vtk/vtkGaussian/../../../Qt/Qt5.5.1/5.5/mingw492_32/lib/cmake/Qt5Gui/Qt5Gui_QTgaPlugin.cmake">
          <Option virtualFolder="CMake Files\..\..\..\Qt\Qt5.5.1\5.5\mingw492_32\lib\cmake\Qt5Gui\" />
      </Unit>
      <Unit filename="D:/my_program/vtk/vtkGaussian/../../../Qt/Qt5.5.1/5.5/mingw492_32/lib/cmake/Qt5Gui/Qt5Gui_QTiffPlugin.cmake">
          <Option virtualFolder="CMake Files\..\..\..\Qt\Qt5.5.1\5.5\mingw492_32\lib\cmake\Qt5Gui\" />
      </Unit>
      <Unit filename="D:/my_program/vtk/vtkGaussian/../../../Qt/Qt5.5.1/5.5/mingw492_32/lib/cmake/Qt5Gui/Qt5Gui_QTuioTouchPlugin.cmake">
          <Option virtualFolder="CMake Files\..\..\..\Qt\Qt5.5.1\5.5\mingw492_32\lib\cmake\Qt5Gui\" />
      </Unit>
      <Unit filename="D:/my_program/vtk/vtkGaussian/../../../Qt/Qt5.5.1/5.5/mingw492_32/lib/cmake/Qt5Gui/Qt5Gui_QWbmpPlugin.cmake">
          <Option virtualFolder="CMake Files\..\..\..\Qt\Qt5.5.1\5.5\mingw492_32\lib\cmake\Qt5Gui\" />
      </Unit>
      <Unit filename="D:/my_program/vtk/vtkGaussian/../../../Qt/Qt5.5.1/5.5/mingw492_32/lib/cmake/Qt5Gui/Qt5Gui_QWebpPlugin.cmake">
          <Option virtualFolder="CMake Files\..\..\..\Qt\Qt5.5.1\5.5\mingw492_32\lib\cmake\Qt5Gui\" />
      </Unit>
      <Unit filename="D:/my_program/vtk/vtkGaussian/../../../Qt/Qt5.5.1/5.5/mingw492_32/lib/cmake/Qt5Gui/Qt5Gui_QWindowsIntegrationPlugin.cmake">
          <Option virtualFolder="CMake Files\..\..\..\Qt\Qt5.5.1\5.5\mingw492_32\lib\cmake\Qt5Gui\" />
      </Unit>
      <Unit filename="D:/my_program/vtk/vtkGaussian/../../../Qt/Qt5.5.1/5.5/mingw492_32/lib/cmake/Qt5Gui/Qt5GuiConfigExtras.cmake">
          <Option virtualFolder="CMake Files\..\..\..\Qt\Qt5.5.1\5.5\mingw492_32\lib\cmake\Qt5Gui\" />
      </Unit>
      <Unit filename="D:/my_program/vtk/vtkGaussian/../../../Qt/Qt5.5.1/5.5/mingw492_32/lib/cmake/Qt5Core/Qt5CoreConfigVersion.cmake">
          <Option virtualFolder="CMake Files\..\..\..\Qt\Qt5.5.1\5.5\mingw492_32\lib\cmake\Qt5Core\" />
      </Unit>
      <Unit filename="D:/my_program/vtk/vtkGaussian/../../../Qt/Qt5.5.1/5.5/mingw492_32/lib/cmake/Qt5Core/Qt5CoreConfig.cmake">
          <Option virtualFolder="CMake Files\..\..\..\Qt\Qt5.5.1\5.5\mingw492_32\lib\cmake\Qt5Core\" />
      </Unit>
      <Unit filename="D:/my_program/vtk/vtkGaussian/../../../Qt/Qt5.5.1/5.5/mingw492_32/lib/cmake/Qt5Core/Qt5CoreConfigExtras.cmake">
          <Option virtualFolder="CMake Files\..\..\..\Qt\Qt5.5.1\5.5\mingw492_32\lib\cmake\Qt5Core\" />
      </Unit>
      <Unit filename="D:/my_program/vtk/vtkGaussian/../../../Qt/Qt5.5.1/5.5/mingw492_32/lib/cmake/Qt5Core/Qt5CoreConfigExtrasMkspecDir.cmake">
          <Option virtualFolder="CMake Files\..\..\..\Qt\Qt5.5.1\5.5\mingw492_32\lib\cmake\Qt5Core\" />
      </Unit>
      <Unit filename="D:/my_program/vtk/vtkGaussian/../../../Qt/Qt5.5.1/5.5/mingw492_32/lib/cmake/Qt5Core/Qt5CoreMacros.cmake">
          <Option virtualFolder="CMake Files\..\..\..\Qt\Qt5.5.1\5.5\mingw492_32\lib\cmake\Qt5Core\" />
      </Unit>
      <Unit filename="D:/my_program/vtk/vtkGaussian/../../../Qt/Qt5.5.1/5.5/mingw492_32/lib/cmake/Qt5OpenGL/Qt5OpenGLConfigVersion.cmake">
          <Option virtualFolder="CMake Files\..\..\..\Qt\Qt5.5.1\5.5\mingw492_32\lib\cmake\Qt5OpenGL\" />
      </Unit>
      <Unit filename="D:/my_program/vtk/vtkGaussian/../../../Qt/Qt5.5.1/5.5/mingw492_32/lib/cmake/Qt5OpenGL/Qt5OpenGLConfig.cmake">
          <Option virtualFolder="CMake Files\..\..\..\Qt\Qt5.5.1\5.5\mingw492_32\lib\cmake\Qt5OpenGL\" />
      </Unit>
      <Unit filename="D:/my_program/vtk/vtkGaussian/../../../Qt/Qt5.5.1/5.5/mingw492_32/lib/cmake/Qt5Sql/Qt5SqlConfigVersion.cmake">
          <Option virtualFolder="CMake Files\..\..\..\Qt\Qt5.5.1\5.5\mingw492_32\lib\cmake\Qt5Sql\" />
      </Unit>
      <Unit filename="D:/my_program/vtk/vtkGaussian/../../../Qt/Qt5.5.1/5.5/mingw492_32/lib/cmake/Qt5Sql/Qt5SqlConfig.cmake">
          <Option virtualFolder="CMake Files\..\..\..\Qt\Qt5.5.1\5.5\mingw492_32\lib\cmake\Qt5Sql\" />
      </Unit>
      <Unit filename="D:/my_program/vtk/vtkGaussian/../../../Qt/Qt5.5.1/5.5/mingw492_32/lib/cmake/Qt5Sql/Qt5Sql_QMYSQLDriverPlugin.cmake">
          <Option virtualFolder="CMake Files\..\..\..\Qt\Qt5.5.1\5.5\mingw492_32\lib\cmake\Qt5Sql\" />
      </Unit>
      <Unit filename="D:/my_program/vtk/vtkGaussian/../../../Qt/Qt5.5.1/5.5/mingw492_32/lib/cmake/Qt5Sql/Qt5Sql_QODBCDriverPlugin.cmake">
          <Option virtualFolder="CMake Files\..\..\..\Qt\Qt5.5.1\5.5\mingw492_32\lib\cmake\Qt5Sql\" />
      </Unit>
      <Unit filename="D:/my_program/vtk/vtkGaussian/../../../Qt/Qt5.5.1/5.5/mingw492_32/lib/cmake/Qt5Sql/Qt5Sql_QPSQLDriverPlugin.cmake">
          <Option virtualFolder="CMake Files\..\..\..\Qt\Qt5.5.1\5.5\mingw492_32\lib\cmake\Qt5Sql\" />
      </Unit>
      <Unit filename="D:/my_program/vtk/vtkGaussian/../../../Qt/Qt5.5.1/5.5/mingw492_32/lib/cmake/Qt5Sql/Qt5Sql_QSQLiteDriverPlugin.cmake">
          <Option virtualFolder="CMake Files\..\..\..\Qt\Qt5.5.1\5.5\mingw492_32\lib\cmake\Qt5Sql\" />
      </Unit>
      <Unit filename="D:/my_program/vtk/vtkGaussian/../../../Qt/Qt5.5.1/5.5/mingw492_32/lib/cmake/Qt5WebKitWidgets/Qt5WebKitWidgetsConfigVersion.cmake">
          <Option virtualFolder="CMake Files\..\..\..\Qt\Qt5.5.1\5.5\mingw492_32\lib\cmake\Qt5WebKitWidgets\" />
      </Unit>
      <Unit filename="D:/my_program/vtk/vtkGaussian/../../../Qt/Qt5.5.1/5.5/mingw492_32/lib/cmake/Qt5WebKitWidgets/Qt5WebKitWidgetsConfig.cmake">
          <Option virtualFolder="CMake Files\..\..\..\Qt\Qt5.5.1\5.5\mingw492_32\lib\cmake\Qt5WebKitWidgets\" />
      </Unit>
      <Unit filename="D:/my_program/vtk/vtkGaussian/../../../Qt/Qt5.5.1/5.5/mingw492_32/lib/cmake/Qt5WebKit/Qt5WebKitConfigVersion.cmake">
          <Option virtualFolder="CMake Files\..\..\..\Qt\Qt5.5.1\5.5\mingw492_32\lib\cmake\Qt5WebKit\" />
      </Unit>
      <Unit filename="D:/my_program/vtk/vtkGaussian/../../../Qt/Qt5.5.1/5.5/mingw492_32/lib/cmake/Qt5WebKit/Qt5WebKitConfig.cmake">
          <Option virtualFolder="CMake Files\..\..\..\Qt\Qt5.5.1\5.5\mingw492_32\lib\cmake\Qt5WebKit\" />
      </Unit>
      <Unit filename="D:/my_program/vtk/vtkGaussian/../../../Qt/Qt5.5.1/5.5/mingw492_32/lib/cmake/Qt5Network/Qt5NetworkConfigVersion.cmake">
          <Option virtualFolder="CMake Files\..\..\..\Qt\Qt5.5.1\5.5\mingw492_32\lib\cmake\Qt5Network\" />
      </Unit>
      <Unit filename="D:/my_program/vtk/vtkGaussian/../../../Qt/Qt5.5.1/5.5/mingw492_32/lib/cmake/Qt5Network/Qt5NetworkConfig.cmake">
          <Option virtualFolder="CMake Files\..\..\..\Qt\Qt5.5.1\5.5\mingw492_32\lib\cmake\Qt5Network\" />
      </Unit>
      <Unit filename="D:/my_program/vtk/vtkGaussian/../../../Qt/Qt5.5.1/5.5/mingw492_32/lib/cmake/Qt5Network/Qt5Network_QGenericEnginePlugin.cmake">
          <Option virtualFolder="CMake Files\..\..\..\Qt\Qt5.5.1\5.5\mingw492_32\lib\cmake\Qt5Network\" />
      </Unit>
      <Unit filename="D:/my_program/vtk/vtkGaussian/../../../Qt/Qt5.5.1/5.5/mingw492_32/lib/cmake/Qt5Network/Qt5Network_QNativeWifiEnginePlugin.cmake">
          <Option virtualFolder="CMake Files\..\..\..\Qt\Qt5.5.1\5.5\mingw492_32\lib\cmake\Qt5Network\" />
      </Unit>
   </Project>
</CodeBlocks_project_file>
