<?xml version="1.0" encoding="UTF-8"?>
<Project ToolsVersion="12.0" xmlns="http://schemas.microsoft.com/developer/msbuild/2003">
  <ItemGroup>
    <CustomBuild Include="E:\program\vtk\vtkExtractVOI\CMakeFiles\c02ce03f1e412c55d95f6980e36375d8\generate.stamp.rule">
      <Filter>CMake Rules</Filter>
    </CustomBuild>
  </ItemGroup>
  <ItemGroup>
    <Filter Include="CMake Rules">
      <UniqueIdentifier>{4489F7F2-BFB9-363F-B408-4CA73B989646}</UniqueIdentifier>
    </Filter>
  </ItemGroup>
</Project>
