Microsoft Visual Studio Solution File, Format Version 12.00
# Visual Studio 2013
Project("{8BC9CEB8-8B4A-11D0-8D11-00A0C91BC942}") = "ALL_BUILD", "ALL_BUILD.vcxproj", "{74428F47-8028-3442-B9CF-B5AA13FB672B}"
	ProjectSection(ProjectDependencies) = postProject
		{6053D58A-7386-39F3-8208-98634160340D} = {6053D58A-7386-39F3-8208-98634160340D}
		{718A2306-8ECC-32F1-8BC7-13DAB863C2EC} = {718A2306-8ECC-32F1-8BC7-13DAB863C2EC}
	EndProjectSection
EndProject
Project("{8BC9CEB8-8B4A-11D0-8D11-00A0C91BC942}") = "ZERO_CHECK", "ZERO_CHECK.vcxproj", "{6053D58A-7386-39F3-8208-98634160340D}"
	ProjectSection(ProjectDependencies) = postProject
	EndProjectSection
EndProject
Project("{8BC9CEB8-8B4A-11D0-8D11-00A0C91BC942}") = "testVtk", "testVtk.vcxproj", "{718A2306-8ECC-32F1-8BC7-13DAB863C2EC}"
	ProjectSection(ProjectDependencies) = postProject
		{6053D58A-7386-39F3-8208-98634160340D} = {6053D58A-7386-39F3-8208-98634160340D}
	EndProjectSection
EndProject
Global
	GlobalSection(SolutionConfigurationPlatforms) = preSolution
		Debug|Win32 = Debug|Win32
		Release|Win32 = Release|Win32
		MinSizeRel|Win32 = MinSizeRel|Win32
		RelWithDebInfo|Win32 = RelWithDebInfo|Win32
	EndGlobalSection
	GlobalSection(ProjectConfigurationPlatforms) = postSolution
		{74428F47-8028-3442-B9CF-B5AA13FB672B}.Debug|Win32.ActiveCfg = Debug|Win32
		{74428F47-8028-3442-B9CF-B5AA13FB672B}.Release|Win32.ActiveCfg = Release|Win32
		{74428F47-8028-3442-B9CF-B5AA13FB672B}.MinSizeRel|Win32.ActiveCfg = MinSizeRel|Win32
		{74428F47-8028-3442-B9CF-B5AA13FB672B}.RelWithDebInfo|Win32.ActiveCfg = RelWithDebInfo|Win32
		{6053D58A-7386-39F3-8208-98634160340D}.Debug|Win32.ActiveCfg = Debug|Win32
		{6053D58A-7386-39F3-8208-98634160340D}.Debug|Win32.Build.0 = Debug|Win32
		{6053D58A-7386-39F3-8208-98634160340D}.Release|Win32.ActiveCfg = Release|Win32
		{6053D58A-7386-39F3-8208-98634160340D}.Release|Win32.Build.0 = Release|Win32
		{6053D58A-7386-39F3-8208-98634160340D}.MinSizeRel|Win32.ActiveCfg = MinSizeRel|Win32
		{6053D58A-7386-39F3-8208-98634160340D}.MinSizeRel|Win32.Build.0 = MinSizeRel|Win32
		{6053D58A-7386-39F3-8208-98634160340D}.RelWithDebInfo|Win32.ActiveCfg = RelWithDebInfo|Win32
		{6053D58A-7386-39F3-8208-98634160340D}.RelWithDebInfo|Win32.Build.0 = RelWithDebInfo|Win32
		{718A2306-8ECC-32F1-8BC7-13DAB863C2EC}.Debug|Win32.ActiveCfg = Debug|Win32
		{718A2306-8ECC-32F1-8BC7-13DAB863C2EC}.Debug|Win32.Build.0 = Debug|Win32
		{718A2306-8ECC-32F1-8BC7-13DAB863C2EC}.Release|Win32.ActiveCfg = Release|Win32
		{718A2306-8ECC-32F1-8BC7-13DAB863C2EC}.Release|Win32.Build.0 = Release|Win32
		{718A2306-8ECC-32F1-8BC7-13DAB863C2EC}.MinSizeRel|Win32.ActiveCfg = MinSizeRel|Win32
		{718A2306-8ECC-32F1-8BC7-13DAB863C2EC}.MinSizeRel|Win32.Build.0 = MinSizeRel|Win32
		{718A2306-8ECC-32F1-8BC7-13DAB863C2EC}.RelWithDebInfo|Win32.ActiveCfg = RelWithDebInfo|Win32
		{718A2306-8ECC-32F1-8BC7-13DAB863C2EC}.RelWithDebInfo|Win32.Build.0 = RelWithDebInfo|Win32
	EndGlobalSection
	GlobalSection(ExtensibilityGlobals) = postSolution
	EndGlobalSection
	GlobalSection(ExtensibilityAddIns) = postSolution
	EndGlobalSection
EndGlobal
