Microsoft Visual Studio Solution File, Format Version 12.00
# Visual Studio 2013
Project("{8BC9CEB8-8B4A-11D0-8D11-00A0C91BC942}") = "ALL_BUILD", "ALL_BUILD.vcxproj", "{42B3366C-FEC5-3E60-A96C-4A6C597F165E}"
	ProjectSection(ProjectDependencies) = postProject
		{98E87B84-7912-3EB4-83EE-FAF98E0FA48A} = {98E87B84-7912-3EB4-83EE-FAF98E0FA48A}
		{AE2EB868-6E38-3716-87AC-8D8014A3471F} = {AE2EB868-6E38-3716-87AC-8D8014A3471F}
	EndProjectSection
EndProject
Project("{8BC9CEB8-8B4A-11D0-8D11-00A0C91BC942}") = "ZERO_CHECK", "ZERO_CHECK.vcxproj", "{98E87B84-7912-3EB4-83EE-FAF98E0FA48A}"
	ProjectSection(ProjectDependencies) = postProject
	EndProjectSection
EndProject
Project("{8BC9CEB8-8B4A-11D0-8D11-00A0C91BC942}") = "vtkImageAccumulate", "vtkImageAccumulate.vcxproj", "{AE2EB868-6E38-3716-87AC-8D8014A3471F}"
	ProjectSection(ProjectDependencies) = postProject
		{98E87B84-7912-3EB4-83EE-FAF98E0FA48A} = {98E87B84-7912-3EB4-83EE-FAF98E0FA48A}
	EndProjectSection
EndProject
Global
	GlobalSection(SolutionConfigurationPlatforms) = preSolution
		Debug|Win32 = Debug|Win32
		Release|Win32 = Release|Win32
		MinSizeRel|Win32 = MinSizeRel|Win32
		RelWithDebInfo|Win32 = RelWithDebInfo|Win32
	EndGlobalSection
	GlobalSection(ProjectConfigurationPlatforms) = postSolution
		{42B3366C-FEC5-3E60-A96C-4A6C597F165E}.Debug|Win32.ActiveCfg = Debug|Win32
		{42B3366C-FEC5-3E60-A96C-4A6C597F165E}.Release|Win32.ActiveCfg = Release|Win32
		{42B3366C-FEC5-3E60-A96C-4A6C597F165E}.MinSizeRel|Win32.ActiveCfg = MinSizeRel|Win32
		{42B3366C-FEC5-3E60-A96C-4A6C597F165E}.RelWithDebInfo|Win32.ActiveCfg = RelWithDebInfo|Win32
		{98E87B84-7912-3EB4-83EE-FAF98E0FA48A}.Debug|Win32.ActiveCfg = Debug|Win32
		{98E87B84-7912-3EB4-83EE-FAF98E0FA48A}.Debug|Win32.Build.0 = Debug|Win32
		{98E87B84-7912-3EB4-83EE-FAF98E0FA48A}.Release|Win32.ActiveCfg = Release|Win32
		{98E87B84-7912-3EB4-83EE-FAF98E0FA48A}.Release|Win32.Build.0 = Release|Win32
		{98E87B84-7912-3EB4-83EE-FAF98E0FA48A}.MinSizeRel|Win32.ActiveCfg = MinSizeRel|Win32
		{98E87B84-7912-3EB4-83EE-FAF98E0FA48A}.MinSizeRel|Win32.Build.0 = MinSizeRel|Win32
		{98E87B84-7912-3EB4-83EE-FAF98E0FA48A}.RelWithDebInfo|Win32.ActiveCfg = RelWithDebInfo|Win32
		{98E87B84-7912-3EB4-83EE-FAF98E0FA48A}.RelWithDebInfo|Win32.Build.0 = RelWithDebInfo|Win32
		{AE2EB868-6E38-3716-87AC-8D8014A3471F}.Debug|Win32.ActiveCfg = Debug|Win32
		{AE2EB868-6E38-3716-87AC-8D8014A3471F}.Debug|Win32.Build.0 = Debug|Win32
		{AE2EB868-6E38-3716-87AC-8D8014A3471F}.Release|Win32.ActiveCfg = Release|Win32
		{AE2EB868-6E38-3716-87AC-8D8014A3471F}.Release|Win32.Build.0 = Release|Win32
		{AE2EB868-6E38-3716-87AC-8D8014A3471F}.MinSizeRel|Win32.ActiveCfg = MinSizeRel|Win32
		{AE2EB868-6E38-3716-87AC-8D8014A3471F}.MinSizeRel|Win32.Build.0 = MinSizeRel|Win32
		{AE2EB868-6E38-3716-87AC-8D8014A3471F}.RelWithDebInfo|Win32.ActiveCfg = RelWithDebInfo|Win32
		{AE2EB868-6E38-3716-87AC-8D8014A3471F}.RelWithDebInfo|Win32.Build.0 = RelWithDebInfo|Win32
	EndGlobalSection
	GlobalSection(ExtensibilityGlobals) = postSolution
	EndGlobalSection
	GlobalSection(ExtensibilityAddIns) = postSolution
	EndGlobalSection
EndGlobal
