<?xml version="1.0" encoding="UTF-8"?>
<Project ToolsVersion="12.0" xmlns="http://schemas.microsoft.com/developer/msbuild/2003">
  <ItemGroup>
    <ClCompile Include="E:\program\vtk\vtkCanvas\vtkCanvas.cpp">
      <Filter>Source Files</Filter>
    </ClCompile>
  </ItemGroup>
  <ItemGroup>
    <CustomBuild Include="E:\program\vtk\vtkCanvas\CMakeLists.txt" />
  </ItemGroup>
  <ItemGroup>
    <Filter Include="Source Files">
      <UniqueIdentifier>{8C6D5A0B-B34D-3AC5-81ED-105CB26F1FFB}</UniqueIdentifier>
    </Filter>
  </ItemGroup>
</Project>
