<?xml version="1.0" encoding="UTF-8"?>
<Project ToolsVersion="12.0" xmlns="http://schemas.microsoft.com/developer/msbuild/2003">
  <ItemGroup>
    <CustomBuild Include="E:\program\vtk\vtkCanvas\CMakeFiles\d39bf53a3eea1115618d8071ba9dcacd\generate.stamp.rule">
      <Filter>CMake Rules</Filter>
    </CustomBuild>
  </ItemGroup>
  <ItemGroup>
    <Filter Include="CMake Rules">
      <UniqueIdentifier>{A75A7D47-96FA-3FFE-88B2-9A3751C19D2D}</UniqueIdentifier>
    </Filter>
  </ItemGroup>
</Project>
